PODS:
  - Charts (3.0.4):
    - Charts/Core (= 3.0.4)
  - Charts/Core (3.0.4)
  - GoogleAPIClientForREST (1.3.2):
    - GoogleAPIClientForREST/Core (= 1.3.2)
    - GTMSessionFetcher (>= 1.1.7)
  - GoogleAPIClientForREST/Core (1.3.2):
    - GTMSessionFetcher (>= 1.1.7)
  - GTMSessionFetcher (1.1.12):
    - GTMSessionFetcher/Full (= 1.1.12)
  - GTMSessionFetcher/Core (1.1.12)
  - GTMSessionFetcher/Full (1.1.12):
    - GTMSessionFetcher/Core (= 1.1.12)

DEPENDENCIES:
  - Charts
  - GoogleAPIClientForREST

SPEC CHECKSUMS:
  Charts: 0705898046257443f0afbbc3179f4b67507b6e48
  GoogleAPIClientForREST: 4fa84fc61fdeea48dd7088de5c1a864ace18125b
  GTMSessionFetcher: ebaa1f79a5366922c1735f1566901f50beba23b7

PODFILE CHECKSUM: d708a08c21fced96956e27788a355b3675646340

COCOAPODS: 1.3.1
