// !$*UTF8*$!
{
	archiveVersion = 1;
	classes = {
	};
	objectVersion = 46;
	objects = {

/* Begin PBXBuildFile section */
		340AFA211A9C320700DAD121 /* UISettings.plist in Resources */ = {isa = PBXBuildFile; fileRef = 340AFA201A9C320700DAD121 /* UISettings.plist */; };
		340B5C9B1B938CB400E7203C /* NavigationBarTitleWithSubtitleView.m in Sources */ = {isa = PBXBuildFile; fileRef = 340B5C9A1B938CB400E7203C /* NavigationBarTitleWithSubtitleView.m */; };
		342A76221985E18100077F8C /* TideViewController.m in Sources */ = {isa = PBXBuildFile; fileRef = 342A76211985E18100077F8C /* TideViewController.m */; };
		342A76241985E38600077F8C /* MediaPlayer.framework in Frameworks */ = {isa = PBXBuildFile; fileRef = 342A76231985E38600077F8C /* MediaPlayer.framework */; };
		3430838A19795D0F00655F15 /* Foundation.framework in Frameworks */ = {isa = PBXBuildFile; fileRef = 3430838919795D0F00655F15 /* Foundation.framework */; };
		3430838C19795D0F00655F15 /* CoreGraphics.framework in Frameworks */ = {isa = PBXBuildFile; fileRef = 3430838B19795D0F00655F15 /* CoreGraphics.framework */; };
		3430838E19795D0F00655F15 /* UIKit.framework in Frameworks */ = {isa = PBXBuildFile; fileRef = 3430838D19795D0F00655F15 /* UIKit.framework */; };
		3430839419795D0F00655F15 /* InfoPlist.strings in Resources */ = {isa = PBXBuildFile; fileRef = 3430839219795D0F00655F15 /* InfoPlist.strings */; };
		3430839619795D0F00655F15 /* main.m in Sources */ = {isa = PBXBuildFile; fileRef = 3430839519795D0F00655F15 /* main.m */; };
		3430839A19795D0F00655F15 /* AppDelegate.m in Sources */ = {isa = PBXBuildFile; fileRef = 3430839919795D0F00655F15 /* AppDelegate.m */; };
		343083A319795D0F00655F15 /* CurrentViewController.m in Sources */ = {isa = PBXBuildFile; fileRef = 343083A219795D0F00655F15 /* CurrentViewController.m */; };
		343083A619795D0F00655F15 /* ForecastViewController.m in Sources */ = {isa = PBXBuildFile; fileRef = 343083A519795D0F00655F15 /* ForecastViewController.m */; };
		343083A819795D0F00655F15 /* Images.xcassets in Resources */ = {isa = PBXBuildFile; fileRef = 343083A719795D0F00655F15 /* Images.xcassets */; };
		34433DB81AF866AD00E2C7E6 /* AlternateCamerasViewController.m in Sources */ = {isa = PBXBuildFile; fileRef = 34433DB71AF866AD00E2C7E6 /* AlternateCamerasViewController.m */; };
		34433DBF1AF876E300E2C7E6 /* IsoCameraViewController.m in Sources */ = {isa = PBXBuildFile; fileRef = 34433DBE1AF876E300E2C7E6 /* IsoCameraViewController.m */; };
		3495C95519E7773100C8F4D7 /* BuoyViewController.m in Sources */ = {isa = PBXBuildFile; fileRef = 3495C95419E7773100C8F4D7 /* BuoyViewController.m */; };
		349679E319E63CEE0043A21B /* libCorePlot-CocoaTouch.a in Frameworks */ = {isa = PBXBuildFile; fileRef = 349679E019E63C810043A21B /* libCorePlot-CocoaTouch.a */; };
		349679E519E63DE20043A21B /* QuartzCore.framework in Frameworks */ = {isa = PBXBuildFile; fileRef = 349679E419E63DE20043A21B /* QuartzCore.framework */; };
		349679E719E63DE90043A21B /* Accelerate.framework in Frameworks */ = {isa = PBXBuildFile; fileRef = 349679E619E63DE90043A21B /* Accelerate.framework */; };
		34AA865B1A41381600AD09CF /* SystemConfiguration.framework in Frameworks */ = {isa = PBXBuildFile; fileRef = 34AA86571A41357300AD09CF /* SystemConfiguration.framework */; };
		34AA865E1A41382F00AD09CF /* Reachability.m in Sources */ = {isa = PBXBuildFile; fileRef = 34AA865D1A41382F00AD09CF /* Reachability.m */; };
		34AE272519C679E7000DAB81 /* AsyncImageView.m in Sources */ = {isa = PBXBuildFile; fileRef = 34AE272419C679E7000DAB81 /* AsyncImageView.m */; };
		34BF8CF81B62E74B00287BC1 /* Camera.h in Headers */ = {isa = PBXBuildFile; fileRef = 34BF8CF61B62E74B00287BC1 /* Camera.h */; settings = {ATTRIBUTES = (Public, ); }; };
		34BF8CF91B62E74B00287BC1 /* Camera.m in Sources */ = {isa = PBXBuildFile; fileRef = 34BF8CF71B62E74B00287BC1 /* Camera.m */; };
		34C0AF4E1B7307E8001D2B04 /* NotificationCenter.framework in Frameworks */ = {isa = PBXBuildFile; fileRef = 34C0AF4D1B7307E8001D2B04 /* NotificationCenter.framework */; };
		34C0AF541B7307E8001D2B04 /* TodayViewController.m in Sources */ = {isa = PBXBuildFile; fileRef = 34C0AF531B7307E8001D2B04 /* TodayViewController.m */; };
		34C0AF561B7307E8001D2B04 /* MainInterface.storyboard in Resources */ = {isa = PBXBuildFile; fileRef = 34C0AF551B7307E8001D2B04 /* MainInterface.storyboard */; };
		34C0AF591B7307E8001D2B04 /* HackWindsTodayWidget.appex in Embed App Extensions */ = {isa = PBXBuildFile; fileRef = 34C0AF4C1B7307E8001D2B04 /* HackWindsTodayWidget.appex */; settings = {ATTRIBUTES = (RemoveHeadersOnCopy, ); }; };
		34C0AF601B730809001D2B04 /* HackWindsDataKit.framework in Frameworks */ = {isa = PBXBuildFile; fileRef = 34E1BA291B62D84700CDA01D /* HackWindsDataKit.framework */; };
		34C8E7221ACA43EB0038E895 /* DetailedForecastViewController.m in Sources */ = {isa = PBXBuildFile; fileRef = 34C8E7211ACA43EB0038E895 /* DetailedForecastViewController.m */; };
		34CA15341A9D657000DAB1F8 /* SettingsViewController.m in Sources */ = {isa = PBXBuildFile; fileRef = 34CA15331A9D657000DAB1F8 /* SettingsViewController.m */; };
		34CA15431A9D7F4000DAB1F8 /* ForecastLocations.plist in Resources */ = {isa = PBXBuildFile; fileRef = 34CA15421A9D7F4000DAB1F8 /* ForecastLocations.plist */; };
		34E1BA2E1B62D84700CDA01D /* HackWindsDataKit.h in Headers */ = {isa = PBXBuildFile; fileRef = 34E1BA2D1B62D84700CDA01D /* HackWindsDataKit.h */; settings = {ATTRIBUTES = (Public, ); }; };
		34E1BA341B62D84700CDA01D /* HackWindsDataKit.framework in Frameworks */ = {isa = PBXBuildFile; fileRef = 34E1BA291B62D84700CDA01D /* HackWindsDataKit.framework */; };
		34E1BA3D1B62D84700CDA01D /* HackWindsDataKitTests.m in Sources */ = {isa = PBXBuildFile; fileRef = 34E1BA3C1B62D84700CDA01D /* HackWindsDataKitTests.m */; };
		34E1BA401B62D84700CDA01D /* HackWindsDataKit.framework in Frameworks */ = {isa = PBXBuildFile; fileRef = 34E1BA291B62D84700CDA01D /* HackWindsDataKit.framework */; };
		34E1BA421B62D84700CDA01D /* HackWindsDataKit.framework in Embed Frameworks */ = {isa = PBXBuildFile; fileRef = 34E1BA291B62D84700CDA01D /* HackWindsDataKit.framework */; settings = {ATTRIBUTES = (CodeSignOnCopy, RemoveHeadersOnCopy, ); }; };
		34E1BA5C1B62DD6600CDA01D /* BuoyModel.h in Headers */ = {isa = PBXBuildFile; fileRef = 34E1BA5B1B62DD6600CDA01D /* BuoyModel.h */; settings = {ATTRIBUTES = (Public, ); }; };
		34E1BA6E1B62DD8600CDA01D /* Buoy.h in Headers */ = {isa = PBXBuildFile; fileRef = 34E1BA5D1B62DD8600CDA01D /* Buoy.h */; settings = {ATTRIBUTES = (Public, ); }; };
		34E1BA6F1B62DD8600CDA01D /* Buoy.m in Sources */ = {isa = PBXBuildFile; fileRef = 34E1BA5E1B62DD8600CDA01D /* Buoy.m */; };
		34E1BA701B62DD8600CDA01D /* BuoyModel.m in Sources */ = {isa = PBXBuildFile; fileRef = 34E1BA5F1B62DD8600CDA01D /* BuoyModel.m */; };
		34E1BA711B62DD8600CDA01D /* CameraModel.h in Headers */ = {isa = PBXBuildFile; fileRef = 34E1BA601B62DD8600CDA01D /* CameraModel.h */; settings = {ATTRIBUTES = (Public, ); }; };
		34E1BA721B62DD8600CDA01D /* CameraModel.m in Sources */ = {isa = PBXBuildFile; fileRef = 34E1BA611B62DD8600CDA01D /* CameraModel.m */; };
		34E1BA731B62DD8600CDA01D /* Colors.h in Headers */ = {isa = PBXBuildFile; fileRef = 34E1BA621B62DD8600CDA01D /* Colors.h */; settings = {ATTRIBUTES = (Public, ); }; };
		34E1BA741B62DD8600CDA01D /* Condition.h in Headers */ = {isa = PBXBuildFile; fileRef = 34E1BA631B62DD8600CDA01D /* Condition.h */; settings = {ATTRIBUTES = (Public, ); }; };
		34E1BA751B62DD8600CDA01D /* Condition.m in Sources */ = {isa = PBXBuildFile; fileRef = 34E1BA641B62DD8600CDA01D /* Condition.m */; };
		34E1BA761B62DD8600CDA01D /* Constants.h in Headers */ = {isa = PBXBuildFile; fileRef = 34E1BA651B62DD8600CDA01D /* Constants.h */; settings = {ATTRIBUTES = (Public, ); }; };
		34E1BA771B62DD8600CDA01D /* Forecast.h in Headers */ = {isa = PBXBuildFile; fileRef = 34E1BA661B62DD8600CDA01D /* Forecast.h */; settings = {ATTRIBUTES = (Public, ); }; };
		34E1BA781B62DD8600CDA01D /* Forecast.m in Sources */ = {isa = PBXBuildFile; fileRef = 34E1BA671B62DD8600CDA01D /* Forecast.m */; };
		34E1BA791B62DD8600CDA01D /* ForecastModel.h in Headers */ = {isa = PBXBuildFile; fileRef = 34E1BA681B62DD8600CDA01D /* ForecastModel.h */; settings = {ATTRIBUTES = (Public, ); }; };
		34E1BA7A1B62DD8600CDA01D /* ForecastModel.m in Sources */ = {isa = PBXBuildFile; fileRef = 34E1BA691B62DD8600CDA01D /* ForecastModel.m */; };
		34E1BA7B1B62DD8600CDA01D /* Tide.h in Headers */ = {isa = PBXBuildFile; fileRef = 34E1BA6A1B62DD8600CDA01D /* Tide.h */; settings = {ATTRIBUTES = (Public, ); }; };
		34E1BA7C1B62DD8600CDA01D /* Tide.m in Sources */ = {isa = PBXBuildFile; fileRef = 34E1BA6B1B62DD8600CDA01D /* Tide.m */; };
		34E1BA7D1B62DD8600CDA01D /* TideModel.h in Headers */ = {isa = PBXBuildFile; fileRef = 34E1BA6C1B62DD8600CDA01D /* TideModel.h */; settings = {ATTRIBUTES = (Public, ); }; };
		34E1BA7E1B62DD8600CDA01D /* TideModel.m in Sources */ = {isa = PBXBuildFile; fileRef = 34E1BA6D1B62DD8600CDA01D /* TideModel.m */; };
		34F4D4AC1B8A28DF0099E113 /* BuoyDataContainer.h in Headers */ = {isa = PBXBuildFile; fileRef = 34F4D4AA1B8A28DF0099E113 /* BuoyDataContainer.h */; };
		34F4D4AD1B8A28DF0099E113 /* BuoyDataContainer.m in Sources */ = {isa = PBXBuildFile; fileRef = 34F4D4AB1B8A28DF0099E113 /* BuoyDataContainer.m */; };
		34F933921B3991B400AD23DF /* LaunchScreen.xib in Resources */ = {isa = PBXBuildFile; fileRef = 34F9338C1B3991B400AD23DF /* LaunchScreen.xib */; };
		34F933931B3991B400AD23DF /* Main_iPad.storyboard in Resources */ = {isa = PBXBuildFile; fileRef = 34F9338E1B3991B400AD23DF /* Main_iPad.storyboard */; };
		34F933951B39922900AD23DF /* Base.lproj in Resources */ = {isa = PBXBuildFile; fileRef = 34F718361A1D8D6B00D6AFFF /* Base.lproj */; };
		34F933981B39926C00AD23DF /* Main_iPhone.storyboard in Resources */ = {isa = PBXBuildFile; fileRef = 34F933901B3991B400AD23DF /* Main_iPhone.storyboard */; };
/* End PBXBuildFile section */

/* Begin PBXContainerItemProxy section */
		349679DF19E63C810043A21B /* PBXContainerItemProxy */ = {
			isa = PBXContainerItemProxy;
			containerPortal = 349679D919E63C800043A21B /* CorePlot-CocoaTouch.xcodeproj */;
			proxyType = 2;
			remoteGlobalIDString = BC9B83470FB8A0A40035D8DA;
			remoteInfo = "CorePlot-CocoaTouch";
		};
		349679E119E63CBD0043A21B /* PBXContainerItemProxy */ = {
			isa = PBXContainerItemProxy;
			containerPortal = 349679D919E63C800043A21B /* CorePlot-CocoaTouch.xcodeproj */;
			proxyType = 1;
			remoteGlobalIDString = BC9B83460FB8A0A40035D8DA;
			remoteInfo = "CorePlot-CocoaTouch";
		};
		34C0AF571B7307E8001D2B04 /* PBXContainerItemProxy */ = {
			isa = PBXContainerItemProxy;
			containerPortal = 3430837E19795D0F00655F15 /* Project object */;
			proxyType = 1;
			remoteGlobalIDString = 34C0AF4B1B7307E8001D2B04;
			remoteInfo = HackWindsTodayWidget;
		};
		34E1BA351B62D84700CDA01D /* PBXContainerItemProxy */ = {
			isa = PBXContainerItemProxy;
			containerPortal = 3430837E19795D0F00655F15 /* Project object */;
			proxyType = 1;
			remoteGlobalIDString = 34E1BA281B62D84700CDA01D;
			remoteInfo = HackWindsDataKit;
		};
		34E1BA371B62D84700CDA01D /* PBXContainerItemProxy */ = {
			isa = PBXContainerItemProxy;
			containerPortal = 3430837E19795D0F00655F15 /* Project object */;
			proxyType = 1;
			remoteGlobalIDString = 3430838519795D0F00655F15;
			remoteInfo = HackWinds;
		};
		34E1BA3E1B62D84700CDA01D /* PBXContainerItemProxy */ = {
			isa = PBXContainerItemProxy;
			containerPortal = 3430837E19795D0F00655F15 /* Project object */;
			proxyType = 1;
			remoteGlobalIDString = 34E1BA281B62D84700CDA01D;
			remoteInfo = HackWindsDataKit;
		};
/* End PBXContainerItemProxy section */

/* Begin PBXCopyFilesBuildPhase section */
		34C0AF5F1B7307E8001D2B04 /* Embed App Extensions */ = {
			isa = PBXCopyFilesBuildPhase;
			buildActionMask = 2147483647;
			dstPath = "";
			dstSubfolderSpec = 13;
			files = (
				34C0AF591B7307E8001D2B04 /* HackWindsTodayWidget.appex in Embed App Extensions */,
			);
			name = "Embed App Extensions";
			runOnlyForDeploymentPostprocessing = 0;
		};
		34E1BA411B62D84700CDA01D /* Embed Frameworks */ = {
			isa = PBXCopyFilesBuildPhase;
			buildActionMask = 2147483647;
			dstPath = "";
			dstSubfolderSpec = 10;
			files = (
				34E1BA421B62D84700CDA01D /* HackWindsDataKit.framework in Embed Frameworks */,
			);
			name = "Embed Frameworks";
			runOnlyForDeploymentPostprocessing = 0;
		};
/* End PBXCopyFilesBuildPhase section */

/* Begin PBXFileReference section */
		340AFA201A9C320700DAD121 /* UISettings.plist */ = {isa = PBXFileReference; fileEncoding = 4; lastKnownFileType = text.plist.xml; path = UISettings.plist; sourceTree = "<group>"; };
		340B5C991B938CB400E7203C /* NavigationBarTitleWithSubtitleView.h */ = {isa = PBXFileReference; fileEncoding = 4; lastKnownFileType = sourcecode.c.h; path = NavigationBarTitleWithSubtitleView.h; sourceTree = "<group>"; };
		340B5C9A1B938CB400E7203C /* NavigationBarTitleWithSubtitleView.m */ = {isa = PBXFileReference; fileEncoding = 4; lastKnownFileType = sourcecode.c.objc; path = NavigationBarTitleWithSubtitleView.m; sourceTree = "<group>"; };
		342A76201985E18100077F8C /* TideViewController.h */ = {isa = PBXFileReference; fileEncoding = 4; lastKnownFileType = sourcecode.c.h; path = TideViewController.h; sourceTree = "<group>"; };
		342A76211985E18100077F8C /* TideViewController.m */ = {isa = PBXFileReference; fileEncoding = 4; lastKnownFileType = sourcecode.c.objc; path = TideViewController.m; sourceTree = "<group>"; };
		342A76231985E38600077F8C /* MediaPlayer.framework */ = {isa = PBXFileReference; lastKnownFileType = wrapper.framework; name = MediaPlayer.framework; path = System/Library/Frameworks/MediaPlayer.framework; sourceTree = SDKROOT; };
		3430838619795D0F00655F15 /* HackWinds.app */ = {isa = PBXFileReference; explicitFileType = wrapper.application; includeInIndex = 0; path = HackWinds.app; sourceTree = BUILT_PRODUCTS_DIR; };
		3430838919795D0F00655F15 /* Foundation.framework */ = {isa = PBXFileReference; lastKnownFileType = wrapper.framework; name = Foundation.framework; path = System/Library/Frameworks/Foundation.framework; sourceTree = SDKROOT; };
		3430838B19795D0F00655F15 /* CoreGraphics.framework */ = {isa = PBXFileReference; lastKnownFileType = wrapper.framework; name = CoreGraphics.framework; path = System/Library/Frameworks/CoreGraphics.framework; sourceTree = SDKROOT; };
		3430838D19795D0F00655F15 /* UIKit.framework */ = {isa = PBXFileReference; lastKnownFileType = wrapper.framework; name = UIKit.framework; path = System/Library/Frameworks/UIKit.framework; sourceTree = SDKROOT; };
		3430839119795D0F00655F15 /* HackWinds-Info.plist */ = {isa = PBXFileReference; lastKnownFileType = text.plist.xml; path = "HackWinds-Info.plist"; sourceTree = "<group>"; };
		3430839319795D0F00655F15 /* en */ = {isa = PBXFileReference; lastKnownFileType = text.plist.strings; name = en; path = en.lproj/InfoPlist.strings; sourceTree = "<group>"; };
		3430839519795D0F00655F15 /* main.m */ = {isa = PBXFileReference; lastKnownFileType = sourcecode.c.objc; path = main.m; sourceTree = "<group>"; };
		3430839719795D0F00655F15 /* HackWinds-Prefix.pch */ = {isa = PBXFileReference; lastKnownFileType = sourcecode.c.h; path = "HackWinds-Prefix.pch"; sourceTree = "<group>"; };
		3430839819795D0F00655F15 /* AppDelegate.h */ = {isa = PBXFileReference; lastKnownFileType = sourcecode.c.h; path = AppDelegate.h; sourceTree = "<group>"; };
		3430839919795D0F00655F15 /* AppDelegate.m */ = {isa = PBXFileReference; lastKnownFileType = sourcecode.c.objc; path = AppDelegate.m; sourceTree = "<group>"; };
		343083A119795D0F00655F15 /* CurrentViewController.h */ = {isa = PBXFileReference; lastKnownFileType = sourcecode.c.h; path = CurrentViewController.h; sourceTree = "<group>"; };
		343083A219795D0F00655F15 /* CurrentViewController.m */ = {isa = PBXFileReference; lastKnownFileType = sourcecode.c.objc; path = CurrentViewController.m; sourceTree = "<group>"; };
		343083A419795D0F00655F15 /* ForecastViewController.h */ = {isa = PBXFileReference; lastKnownFileType = sourcecode.c.h; path = ForecastViewController.h; sourceTree = "<group>"; };
		343083A519795D0F00655F15 /* ForecastViewController.m */ = {isa = PBXFileReference; lastKnownFileType = sourcecode.c.objc; path = ForecastViewController.m; sourceTree = "<group>"; };
		343083A719795D0F00655F15 /* Images.xcassets */ = {isa = PBXFileReference; lastKnownFileType = folder.assetcatalog; path = Images.xcassets; sourceTree = "<group>"; };
		343083AE19795D0F00655F15 /* XCTest.framework */ = {isa = PBXFileReference; lastKnownFileType = wrapper.framework; name = XCTest.framework; path = Library/Frameworks/XCTest.framework; sourceTree = DEVELOPER_DIR; };
		34433DB61AF866AD00E2C7E6 /* AlternateCamerasViewController.h */ = {isa = PBXFileReference; fileEncoding = 4; lastKnownFileType = sourcecode.c.h; path = AlternateCamerasViewController.h; sourceTree = "<group>"; };
		34433DB71AF866AD00E2C7E6 /* AlternateCamerasViewController.m */ = {isa = PBXFileReference; fileEncoding = 4; lastKnownFileType = sourcecode.c.objc; path = AlternateCamerasViewController.m; sourceTree = "<group>"; };
		34433DBD1AF876E300E2C7E6 /* IsoCameraViewController.h */ = {isa = PBXFileReference; fileEncoding = 4; lastKnownFileType = sourcecode.c.h; path = IsoCameraViewController.h; sourceTree = "<group>"; };
		34433DBE1AF876E300E2C7E6 /* IsoCameraViewController.m */ = {isa = PBXFileReference; fileEncoding = 4; lastKnownFileType = sourcecode.c.objc; path = IsoCameraViewController.m; sourceTree = "<group>"; };
		3495C95319E7773100C8F4D7 /* BuoyViewController.h */ = {isa = PBXFileReference; fileEncoding = 4; lastKnownFileType = sourcecode.c.h; path = BuoyViewController.h; sourceTree = "<group>"; };
		3495C95419E7773100C8F4D7 /* BuoyViewController.m */ = {isa = PBXFileReference; fileEncoding = 4; lastKnownFileType = sourcecode.c.objc; path = BuoyViewController.m; sourceTree = "<group>"; };
		349679D919E63C800043A21B /* CorePlot-CocoaTouch.xcodeproj */ = {isa = PBXFileReference; lastKnownFileType = "wrapper.pb-project"; name = "CorePlot-CocoaTouch.xcodeproj"; path = "../core-plot/framework/CorePlot-CocoaTouch.xcodeproj"; sourceTree = "<group>"; };
		349679E419E63DE20043A21B /* QuartzCore.framework */ = {isa = PBXFileReference; lastKnownFileType = wrapper.framework; name = QuartzCore.framework; path = System/Library/Frameworks/QuartzCore.framework; sourceTree = SDKROOT; };
		349679E619E63DE90043A21B /* Accelerate.framework */ = {isa = PBXFileReference; lastKnownFileType = wrapper.framework; name = Accelerate.framework; path = System/Library/Frameworks/Accelerate.framework; sourceTree = SDKROOT; };
		34AA86571A41357300AD09CF /* SystemConfiguration.framework */ = {isa = PBXFileReference; lastKnownFileType = wrapper.framework; name = SystemConfiguration.framework; path = System/Library/Frameworks/SystemConfiguration.framework; sourceTree = SDKROOT; };
		34AA865C1A41382F00AD09CF /* Reachability.h */ = {isa = PBXFileReference; fileEncoding = 4; lastKnownFileType = sourcecode.c.h; path = Reachability.h; sourceTree = "<group>"; };
		34AA865D1A41382F00AD09CF /* Reachability.m */ = {isa = PBXFileReference; fileEncoding = 4; lastKnownFileType = sourcecode.c.objc; path = Reachability.m; sourceTree = "<group>"; };
		34AE272319C679E7000DAB81 /* AsyncImageView.h */ = {isa = PBXFileReference; fileEncoding = 4; lastKnownFileType = sourcecode.c.h; path = AsyncImageView.h; sourceTree = "<group>"; };
		34AE272419C679E7000DAB81 /* AsyncImageView.m */ = {isa = PBXFileReference; fileEncoding = 4; lastKnownFileType = sourcecode.c.objc; path = AsyncImageView.m; sourceTree = "<group>"; };
		34BF8CF51B62E69B00287BC1 /* HackWinds.entitlements */ = {isa = PBXFileReference; lastKnownFileType = text.xml; path = HackWinds.entitlements; sourceTree = "<group>"; };
		34BF8CF61B62E74B00287BC1 /* Camera.h */ = {isa = PBXFileReference; fileEncoding = 4; lastKnownFileType = sourcecode.c.h; path = Camera.h; sourceTree = "<group>"; };
		34BF8CF71B62E74B00287BC1 /* Camera.m */ = {isa = PBXFileReference; fileEncoding = 4; lastKnownFileType = sourcecode.c.objc; path = Camera.m; sourceTree = "<group>"; };
		34C0AF4C1B7307E8001D2B04 /* HackWindsTodayWidget.appex */ = {isa = PBXFileReference; explicitFileType = "wrapper.app-extension"; includeInIndex = 0; path = HackWindsTodayWidget.appex; sourceTree = BUILT_PRODUCTS_DIR; };
		34C0AF4D1B7307E8001D2B04 /* NotificationCenter.framework */ = {isa = PBXFileReference; lastKnownFileType = wrapper.framework; name = NotificationCenter.framework; path = System/Library/Frameworks/NotificationCenter.framework; sourceTree = SDKROOT; };
		34C0AF511B7307E8001D2B04 /* Info.plist */ = {isa = PBXFileReference; lastKnownFileType = text.plist.xml; path = Info.plist; sourceTree = "<group>"; };
		34C0AF521B7307E8001D2B04 /* TodayViewController.h */ = {isa = PBXFileReference; lastKnownFileType = sourcecode.c.h; path = TodayViewController.h; sourceTree = "<group>"; };
		34C0AF531B7307E8001D2B04 /* TodayViewController.m */ = {isa = PBXFileReference; lastKnownFileType = sourcecode.c.objc; path = TodayViewController.m; sourceTree = "<group>"; };
		34C0AF551B7307E8001D2B04 /* MainInterface.storyboard */ = {isa = PBXFileReference; lastKnownFileType = file.storyboard; path = MainInterface.storyboard; sourceTree = "<group>"; };
		34C8E7201ACA43EB0038E895 /* DetailedForecastViewController.h */ = {isa = PBXFileReference; fileEncoding = 4; lastKnownFileType = sourcecode.c.h; path = DetailedForecastViewController.h; sourceTree = "<group>"; };
		34C8E7211ACA43EB0038E895 /* DetailedForecastViewController.m */ = {isa = PBXFileReference; fileEncoding = 4; lastKnownFileType = sourcecode.c.objc; path = DetailedForecastViewController.m; sourceTree = "<group>"; };
		34CA15321A9D657000DAB1F8 /* SettingsViewController.h */ = {isa = PBXFileReference; fileEncoding = 4; lastKnownFileType = sourcecode.c.h; path = SettingsViewController.h; sourceTree = "<group>"; };
		34CA15331A9D657000DAB1F8 /* SettingsViewController.m */ = {isa = PBXFileReference; fileEncoding = 4; lastKnownFileType = sourcecode.c.objc; path = SettingsViewController.m; sourceTree = "<group>"; };
		34CA15421A9D7F4000DAB1F8 /* ForecastLocations.plist */ = {isa = PBXFileReference; fileEncoding = 4; lastKnownFileType = text.plist.xml; path = ForecastLocations.plist; sourceTree = "<group>"; };
		34E1BA291B62D84700CDA01D /* HackWindsDataKit.framework */ = {isa = PBXFileReference; explicitFileType = wrapper.framework; includeInIndex = 0; path = HackWindsDataKit.framework; sourceTree = BUILT_PRODUCTS_DIR; };
		34E1BA2C1B62D84700CDA01D /* Info.plist */ = {isa = PBXFileReference; lastKnownFileType = text.plist.xml; path = Info.plist; sourceTree = "<group>"; };
		34E1BA2D1B62D84700CDA01D /* HackWindsDataKit.h */ = {isa = PBXFileReference; lastKnownFileType = sourcecode.c.h; name = HackWindsDataKit.h; path = HackWindsDataKit/HackWindsDataKit.h; sourceTree = SOURCE_ROOT; };
		34E1BA331B62D84700CDA01D /* HackWindsDataKitTests.xctest */ = {isa = PBXFileReference; explicitFileType = wrapper.cfbundle; includeInIndex = 0; path = HackWindsDataKitTests.xctest; sourceTree = BUILT_PRODUCTS_DIR; };
		34E1BA3B1B62D84700CDA01D /* Info.plist */ = {isa = PBXFileReference; lastKnownFileType = text.plist.xml; path = Info.plist; sourceTree = "<group>"; };
		34E1BA3C1B62D84700CDA01D /* HackWindsDataKitTests.m */ = {isa = PBXFileReference; lastKnownFileType = sourcecode.c.objc; path = HackWindsDataKitTests.m; sourceTree = "<group>"; };
		34E1BA5B1B62DD6600CDA01D /* BuoyModel.h */ = {isa = PBXFileReference; fileEncoding = 4; lastKnownFileType = sourcecode.c.h; path = BuoyModel.h; sourceTree = "<group>"; };
		34E1BA5D1B62DD8600CDA01D /* Buoy.h */ = {isa = PBXFileReference; fileEncoding = 4; lastKnownFileType = sourcecode.c.h; path = Buoy.h; sourceTree = "<group>"; };
		34E1BA5E1B62DD8600CDA01D /* Buoy.m */ = {isa = PBXFileReference; fileEncoding = 4; lastKnownFileType = sourcecode.c.objc; path = Buoy.m; sourceTree = "<group>"; };
		34E1BA5F1B62DD8600CDA01D /* BuoyModel.m */ = {isa = PBXFileReference; fileEncoding = 4; lastKnownFileType = sourcecode.c.objc; path = BuoyModel.m; sourceTree = "<group>"; };
		34E1BA601B62DD8600CDA01D /* CameraModel.h */ = {isa = PBXFileReference; fileEncoding = 4; lastKnownFileType = sourcecode.c.h; path = CameraModel.h; sourceTree = "<group>"; };
		34E1BA611B62DD8600CDA01D /* CameraModel.m */ = {isa = PBXFileReference; fileEncoding = 4; lastKnownFileType = sourcecode.c.objc; path = CameraModel.m; sourceTree = "<group>"; };
		34E1BA621B62DD8600CDA01D /* Colors.h */ = {isa = PBXFileReference; fileEncoding = 4; lastKnownFileType = sourcecode.c.h; path = Colors.h; sourceTree = "<group>"; };
		34E1BA631B62DD8600CDA01D /* Condition.h */ = {isa = PBXFileReference; fileEncoding = 4; lastKnownFileType = sourcecode.c.h; path = Condition.h; sourceTree = "<group>"; };
		34E1BA641B62DD8600CDA01D /* Condition.m */ = {isa = PBXFileReference; fileEncoding = 4; lastKnownFileType = sourcecode.c.objc; path = Condition.m; sourceTree = "<group>"; };
		34E1BA651B62DD8600CDA01D /* Constants.h */ = {isa = PBXFileReference; fileEncoding = 4; lastKnownFileType = sourcecode.c.h; path = Constants.h; sourceTree = "<group>"; };
		34E1BA661B62DD8600CDA01D /* Forecast.h */ = {isa = PBXFileReference; fileEncoding = 4; lastKnownFileType = sourcecode.c.h; path = Forecast.h; sourceTree = "<group>"; };
		34E1BA671B62DD8600CDA01D /* Forecast.m */ = {isa = PBXFileReference; fileEncoding = 4; lastKnownFileType = sourcecode.c.objc; path = Forecast.m; sourceTree = "<group>"; };
		34E1BA681B62DD8600CDA01D /* ForecastModel.h */ = {isa = PBXFileReference; fileEncoding = 4; lastKnownFileType = sourcecode.c.h; path = ForecastModel.h; sourceTree = "<group>"; };
		34E1BA691B62DD8600CDA01D /* ForecastModel.m */ = {isa = PBXFileReference; fileEncoding = 4; lastKnownFileType = sourcecode.c.objc; path = ForecastModel.m; sourceTree = "<group>"; };
		34E1BA6A1B62DD8600CDA01D /* Tide.h */ = {isa = PBXFileReference; fileEncoding = 4; lastKnownFileType = sourcecode.c.h; path = Tide.h; sourceTree = "<group>"; };
		34E1BA6B1B62DD8600CDA01D /* Tide.m */ = {isa = PBXFileReference; fileEncoding = 4; lastKnownFileType = sourcecode.c.objc; path = Tide.m; sourceTree = "<group>"; };
		34E1BA6C1B62DD8600CDA01D /* TideModel.h */ = {isa = PBXFileReference; fileEncoding = 4; lastKnownFileType = sourcecode.c.h; path = TideModel.h; sourceTree = "<group>"; };
		34E1BA6D1B62DD8600CDA01D /* TideModel.m */ = {isa = PBXFileReference; fileEncoding = 4; lastKnownFileType = sourcecode.c.objc; path = TideModel.m; sourceTree = "<group>"; };
		34F4D4AA1B8A28DF0099E113 /* BuoyDataContainer.h */ = {isa = PBXFileReference; fileEncoding = 4; lastKnownFileType = sourcecode.c.h; path = BuoyDataContainer.h; sourceTree = "<group>"; };
		34F4D4AB1B8A28DF0099E113 /* BuoyDataContainer.m */ = {isa = PBXFileReference; fileEncoding = 4; lastKnownFileType = sourcecode.c.objc; path = BuoyDataContainer.m; sourceTree = "<group>"; };
		34F718361A1D8D6B00D6AFFF /* Base.lproj */ = {isa = PBXFileReference; fileEncoding = 4; lastKnownFileType = folder; path = Base.lproj; sourceTree = "<group>"; };
		34F9338D1B3991B400AD23DF /* Base */ = {isa = PBXFileReference; lastKnownFileType = file.xib; name = Base; path = Base.lproj/LaunchScreen.xib; sourceTree = "<group>"; };
		34F9338F1B3991B400AD23DF /* Base */ = {isa = PBXFileReference; lastKnownFileType = file.storyboard; name = Base; path = Base.lproj/Main_iPad.storyboard; sourceTree = "<group>"; };
		34F933911B3991B400AD23DF /* Base */ = {isa = PBXFileReference; lastKnownFileType = file.storyboard; name = Base; path = Base.lproj/Main_iPhone.storyboard; sourceTree = "<group>"; };
		34F933971B39926500AD23DF /* en */ = {isa = PBXFileReference; lastKnownFileType = text.plist.strings; name = en; path = en.lproj/Main_iPad.strings; sourceTree = "<group>"; };
		34F9339A1B39926E00AD23DF /* en */ = {isa = PBXFileReference; lastKnownFileType = text.plist.strings; name = en; path = en.lproj/Main_iPhone.strings; sourceTree = "<group>"; };
		34F9339C1B39927200AD23DF /* en */ = {isa = PBXFileReference; lastKnownFileType = text.plist.strings; name = en; path = en.lproj/LaunchScreen.strings; sourceTree = "<group>"; };
/* End PBXFileReference section */

/* Begin PBXFrameworksBuildPhase section */
		3430838319795D0F00655F15 /* Frameworks */ = {
			isa = PBXFrameworksBuildPhase;
			buildActionMask = 2147483647;
			files = (
				34AA865B1A41381600AD09CF /* SystemConfiguration.framework in Frameworks */,
				349679E719E63DE90043A21B /* Accelerate.framework in Frameworks */,
				349679E519E63DE20043A21B /* QuartzCore.framework in Frameworks */,
				342A76241985E38600077F8C /* MediaPlayer.framework in Frameworks */,
				3430838C19795D0F00655F15 /* CoreGraphics.framework in Frameworks */,
				3430838E19795D0F00655F15 /* UIKit.framework in Frameworks */,
				34E1BA401B62D84700CDA01D /* HackWindsDataKit.framework in Frameworks */,
				3430838A19795D0F00655F15 /* Foundation.framework in Frameworks */,
				349679E319E63CEE0043A21B /* libCorePlot-CocoaTouch.a in Frameworks */,
			);
			runOnlyForDeploymentPostprocessing = 0;
		};
		34C0AF491B7307E8001D2B04 /* Frameworks */ = {
			isa = PBXFrameworksBuildPhase;
			buildActionMask = 2147483647;
			files = (
				34C0AF601B730809001D2B04 /* HackWindsDataKit.framework in Frameworks */,
				34C0AF4E1B7307E8001D2B04 /* NotificationCenter.framework in Frameworks */,
			);
			runOnlyForDeploymentPostprocessing = 0;
		};
		34E1BA251B62D84700CDA01D /* Frameworks */ = {
			isa = PBXFrameworksBuildPhase;
			buildActionMask = 2147483647;
			files = (
			);
			runOnlyForDeploymentPostprocessing = 0;
		};
		34E1BA301B62D84700CDA01D /* Frameworks */ = {
			isa = PBXFrameworksBuildPhase;
			buildActionMask = 2147483647;
			files = (
				34E1BA341B62D84700CDA01D /* HackWindsDataKit.framework in Frameworks */,
			);
			runOnlyForDeploymentPostprocessing = 0;
		};
/* End PBXFrameworksBuildPhase section */

/* Begin PBXGroup section */
		342BEA671AF9A0C2004D6EE3 /* Views */ = {
			isa = PBXGroup;
			children = (
				34433DB61AF866AD00E2C7E6 /* AlternateCamerasViewController.h */,
				34433DB71AF866AD00E2C7E6 /* AlternateCamerasViewController.m */,
				3495C95319E7773100C8F4D7 /* BuoyViewController.h */,
				3495C95419E7773100C8F4D7 /* BuoyViewController.m */,
				343083A119795D0F00655F15 /* CurrentViewController.h */,
				343083A219795D0F00655F15 /* CurrentViewController.m */,
				34C8E7201ACA43EB0038E895 /* DetailedForecastViewController.h */,
				34C8E7211ACA43EB0038E895 /* DetailedForecastViewController.m */,
				343083A419795D0F00655F15 /* ForecastViewController.h */,
				343083A519795D0F00655F15 /* ForecastViewController.m */,
				34433DBD1AF876E300E2C7E6 /* IsoCameraViewController.h */,
				34433DBE1AF876E300E2C7E6 /* IsoCameraViewController.m */,
				34CA15321A9D657000DAB1F8 /* SettingsViewController.h */,
				34CA15331A9D657000DAB1F8 /* SettingsViewController.m */,
				342A76201985E18100077F8C /* TideViewController.h */,
				342A76211985E18100077F8C /* TideViewController.m */,
			);
			path = Views;
			sourceTree = "<group>";
		};
		342BEA681AF9A101004D6EE3 /* Utilities */ = {
			isa = PBXGroup;
			children = (
				34AA865C1A41382F00AD09CF /* Reachability.h */,
				34AA865D1A41382F00AD09CF /* Reachability.m */,
				34AE272319C679E7000DAB81 /* AsyncImageView.h */,
				34AE272419C679E7000DAB81 /* AsyncImageView.m */,
				340B5C991B938CB400E7203C /* NavigationBarTitleWithSubtitleView.h */,
				340B5C9A1B938CB400E7203C /* NavigationBarTitleWithSubtitleView.m */,
			);
			path = Utilities;
			sourceTree = "<group>";
		};
		342BEA6B1AF9A427004D6EE3 /* Application */ = {
			isa = PBXGroup;
			children = (
				3430839219795D0F00655F15 /* InfoPlist.strings */,
				3430839119795D0F00655F15 /* HackWinds-Info.plist */,
				3430839519795D0F00655F15 /* main.m */,
				3430839719795D0F00655F15 /* HackWinds-Prefix.pch */,
				3430839819795D0F00655F15 /* AppDelegate.h */,
				3430839919795D0F00655F15 /* AppDelegate.m */,
			);
			path = Application;
			sourceTree = "<group>";
		};
		342BEA6C1AF9A626004D6EE3 /* Storyboards */ = {
			isa = PBXGroup;
			children = (
				34F9338C1B3991B400AD23DF /* LaunchScreen.xib */,
				34F9338E1B3991B400AD23DF /* Main_iPad.storyboard */,
				34F933901B3991B400AD23DF /* Main_iPhone.storyboard */,
				34F718361A1D8D6B00D6AFFF /* Base.lproj */,
			);
			path = Storyboards;
			sourceTree = "<group>";
		};
		3430837D19795D0F00655F15 = {
			isa = PBXGroup;
			children = (
				3430838F19795D0F00655F15 /* HackWinds */,
				34E1BA2A1B62D84700CDA01D /* HackWindsDataKit */,
				34E1BA391B62D84700CDA01D /* HackWindsDataKitTests */,
				34C0AF4F1B7307E8001D2B04 /* HackWindsTodayWidget */,
				3430838819795D0F00655F15 /* Frameworks */,
				3430838719795D0F00655F15 /* Products */,
				349679D919E63C800043A21B /* CorePlot-CocoaTouch.xcodeproj */,
			);
			sourceTree = "<group>";
		};
		3430838719795D0F00655F15 /* Products */ = {
			isa = PBXGroup;
			children = (
				3430838619795D0F00655F15 /* HackWinds.app */,
				34E1BA291B62D84700CDA01D /* HackWindsDataKit.framework */,
				34E1BA331B62D84700CDA01D /* HackWindsDataKitTests.xctest */,
				34C0AF4C1B7307E8001D2B04 /* HackWindsTodayWidget.appex */,
			);
			name = Products;
			sourceTree = "<group>";
		};
		3430838819795D0F00655F15 /* Frameworks */ = {
			isa = PBXGroup;
			children = (
				34AA86571A41357300AD09CF /* SystemConfiguration.framework */,
				349679E619E63DE90043A21B /* Accelerate.framework */,
				349679E419E63DE20043A21B /* QuartzCore.framework */,
				342A76231985E38600077F8C /* MediaPlayer.framework */,
				3430838919795D0F00655F15 /* Foundation.framework */,
				3430838B19795D0F00655F15 /* CoreGraphics.framework */,
				3430838D19795D0F00655F15 /* UIKit.framework */,
				343083AE19795D0F00655F15 /* XCTest.framework */,
				34C0AF4D1B7307E8001D2B04 /* NotificationCenter.framework */,
			);
			name = Frameworks;
			sourceTree = "<group>";
		};
		3430838F19795D0F00655F15 /* HackWinds */ = {
			isa = PBXGroup;
			children = (
				34BF8CF51B62E69B00287BC1 /* HackWinds.entitlements */,
				342BEA6B1AF9A427004D6EE3 /* Application */,
				342BEA671AF9A0C2004D6EE3 /* Views */,
				342BEA6C1AF9A626004D6EE3 /* Storyboards */,
				342BEA681AF9A101004D6EE3 /* Utilities */,
				34FD036A198F0A4F00BA0FB0 /* Resources */,
			);
			path = HackWinds;
			sourceTree = "<group>";
		};
		349679DA19E63C800043A21B /* Products */ = {
			isa = PBXGroup;
			children = (
				349679E019E63C810043A21B /* libCorePlot-CocoaTouch.a */,
			);
			name = Products;
			sourceTree = "<group>";
		};
		34C0AF4F1B7307E8001D2B04 /* HackWindsTodayWidget */ = {
			isa = PBXGroup;
			children = (
				34C0AF521B7307E8001D2B04 /* TodayViewController.h */,
				34C0AF531B7307E8001D2B04 /* TodayViewController.m */,
				34C0AF551B7307E8001D2B04 /* MainInterface.storyboard */,
				34C0AF501B7307E8001D2B04 /* Supporting Files */,
			);
			path = HackWindsTodayWidget;
			sourceTree = "<group>";
		};
		34C0AF501B7307E8001D2B04 /* Supporting Files */ = {
			isa = PBXGroup;
			children = (
				34C0AF511B7307E8001D2B04 /* Info.plist */,
			);
			name = "Supporting Files";
			sourceTree = "<group>";
		};
		34E1BA2A1B62D84700CDA01D /* HackWindsDataKit */ = {
			isa = PBXGroup;
			children = (
				34E1BA821B62DFDC00CDA01D /* Forecast */,
				34E1BA811B62DFD500CDA01D /* Camera */,
				34E1BA801B62DFCF00CDA01D /* Tide */,
				34E1BA7F1B62DF2E00CDA01D /* Buoy */,
				34E1BA621B62DD8600CDA01D /* Colors.h */,
				34E1BA651B62DD8600CDA01D /* Constants.h */,
				34E1BA2D1B62D84700CDA01D /* HackWindsDataKit.h */,
				34E1BA2B1B62D84700CDA01D /* Supporting Files */,
			);
			path = HackWindsDataKit;
			sourceTree = "<group>";
		};
		34E1BA2B1B62D84700CDA01D /* Supporting Files */ = {
			isa = PBXGroup;
			children = (
				34E1BA2C1B62D84700CDA01D /* Info.plist */,
			);
			name = "Supporting Files";
			sourceTree = "<group>";
		};
		34E1BA391B62D84700CDA01D /* HackWindsDataKitTests */ = {
			isa = PBXGroup;
			children = (
				34E1BA3C1B62D84700CDA01D /* HackWindsDataKitTests.m */,
				34E1BA3A1B62D84700CDA01D /* Supporting Files */,
			);
			path = HackWindsDataKitTests;
			sourceTree = "<group>";
		};
		34E1BA3A1B62D84700CDA01D /* Supporting Files */ = {
			isa = PBXGroup;
			children = (
				34E1BA3B1B62D84700CDA01D /* Info.plist */,
			);
			name = "Supporting Files";
			sourceTree = "<group>";
		};
		34E1BA7F1B62DF2E00CDA01D /* Buoy */ = {
			isa = PBXGroup;
			children = (
				34E1BA5D1B62DD8600CDA01D /* Buoy.h */,
				34E1BA5E1B62DD8600CDA01D /* Buoy.m */,
				34E1BA5F1B62DD8600CDA01D /* BuoyModel.m */,
				34E1BA5B1B62DD6600CDA01D /* BuoyModel.h */,
				34F4D4AA1B8A28DF0099E113 /* BuoyDataContainer.h */,
				34F4D4AB1B8A28DF0099E113 /* BuoyDataContainer.m */,
			);
			path = Buoy;
			sourceTree = "<group>";
		};
		34E1BA801B62DFCF00CDA01D /* Tide */ = {
			isa = PBXGroup;
			children = (
				34E1BA6A1B62DD8600CDA01D /* Tide.h */,
				34E1BA6B1B62DD8600CDA01D /* Tide.m */,
				34E1BA6C1B62DD8600CDA01D /* TideModel.h */,
				34E1BA6D1B62DD8600CDA01D /* TideModel.m */,
			);
			path = Tide;
			sourceTree = "<group>";
		};
		34E1BA811B62DFD500CDA01D /* Camera */ = {
			isa = PBXGroup;
			children = (
				34E1BA601B62DD8600CDA01D /* CameraModel.h */,
				34E1BA611B62DD8600CDA01D /* CameraModel.m */,
				34BF8CF61B62E74B00287BC1 /* Camera.h */,
				34BF8CF71B62E74B00287BC1 /* Camera.m */,
			);
			path = Camera;
			sourceTree = "<group>";
		};
		34E1BA821B62DFDC00CDA01D /* Forecast */ = {
			isa = PBXGroup;
			children = (
				34E1BA631B62DD8600CDA01D /* Condition.h */,
				34E1BA641B62DD8600CDA01D /* Condition.m */,
				34E1BA661B62DD8600CDA01D /* Forecast.h */,
				34E1BA671B62DD8600CDA01D /* Forecast.m */,
				34E1BA681B62DD8600CDA01D /* ForecastModel.h */,
				34E1BA691B62DD8600CDA01D /* ForecastModel.m */,
			);
			path = Forecast;
			sourceTree = "<group>";
		};
		34FD036A198F0A4F00BA0FB0 /* Resources */ = {
			isa = PBXGroup;
			children = (
				343083A719795D0F00655F15 /* Images.xcassets */,
				34CA15421A9D7F4000DAB1F8 /* ForecastLocations.plist */,
				340AFA201A9C320700DAD121 /* UISettings.plist */,
			);
			path = Resources;
			sourceTree = "<group>";
		};
/* End PBXGroup section */

/* Begin PBXHeadersBuildPhase section */
		34E1BA261B62D84700CDA01D /* Headers */ = {
			isa = PBXHeadersBuildPhase;
			buildActionMask = 2147483647;
			files = (
				34E1BA7B1B62DD8600CDA01D /* Tide.h in Headers */,
				34E1BA791B62DD8600CDA01D /* ForecastModel.h in Headers */,
				34BF8CF81B62E74B00287BC1 /* Camera.h in Headers */,
				34E1BA731B62DD8600CDA01D /* Colors.h in Headers */,
				34F4D4AC1B8A28DF0099E113 /* BuoyDataContainer.h in Headers */,
				34E1BA761B62DD8600CDA01D /* Constants.h in Headers */,
				34E1BA2E1B62D84700CDA01D /* HackWindsDataKit.h in Headers */,
				34E1BA741B62DD8600CDA01D /* Condition.h in Headers */,
				34E1BA711B62DD8600CDA01D /* CameraModel.h in Headers */,
				34E1BA6E1B62DD8600CDA01D /* Buoy.h in Headers */,
				34E1BA5C1B62DD6600CDA01D /* BuoyModel.h in Headers */,
				34E1BA771B62DD8600CDA01D /* Forecast.h in Headers */,
				34E1BA7D1B62DD8600CDA01D /* TideModel.h in Headers */,
			);
			runOnlyForDeploymentPostprocessing = 0;
		};
/* End PBXHeadersBuildPhase section */

/* Begin PBXNativeTarget section */
		3430838519795D0F00655F15 /* HackWinds */ = {
			isa = PBXNativeTarget;
			buildConfigurationList = 343083BE19795D0F00655F15 /* Build configuration list for PBXNativeTarget "HackWinds" */;
			buildPhases = (
				3430838219795D0F00655F15 /* Sources */,
				3430838319795D0F00655F15 /* Frameworks */,
				3430838419795D0F00655F15 /* Resources */,
				34E1BA411B62D84700CDA01D /* Embed Frameworks */,
				34C0AF5F1B7307E8001D2B04 /* Embed App Extensions */,
			);
			buildRules = (
			);
			dependencies = (
				349679E219E63CBD0043A21B /* PBXTargetDependency */,
				34E1BA3F1B62D84700CDA01D /* PBXTargetDependency */,
				34C0AF581B7307E8001D2B04 /* PBXTargetDependency */,
			);
			name = HackWinds;
			productName = HackWinds;
			productReference = 3430838619795D0F00655F15 /* HackWinds.app */;
			productType = "com.apple.product-type.application";
		};
		34C0AF4B1B7307E8001D2B04 /* HackWindsTodayWidget */ = {
			isa = PBXNativeTarget;
			buildConfigurationList = 34C0AF5E1B7307E8001D2B04 /* Build configuration list for PBXNativeTarget "HackWindsTodayWidget" */;
			buildPhases = (
				34C0AF481B7307E8001D2B04 /* Sources */,
				34C0AF491B7307E8001D2B04 /* Frameworks */,
				34C0AF4A1B7307E8001D2B04 /* Resources */,
			);
			buildRules = (
			);
			dependencies = (
			);
			name = HackWindsTodayWidget;
			productName = HackWindsTodayWidget;
			productReference = 34C0AF4C1B7307E8001D2B04 /* HackWindsTodayWidget.appex */;
			productType = "com.apple.product-type.app-extension";
		};
		34E1BA281B62D84700CDA01D /* HackWindsDataKit */ = {
			isa = PBXNativeTarget;
			buildConfigurationList = 34E1BA491B62D84700CDA01D /* Build configuration list for PBXNativeTarget "HackWindsDataKit" */;
			buildPhases = (
				34E1BA241B62D84700CDA01D /* Sources */,
				34E1BA251B62D84700CDA01D /* Frameworks */,
				34E1BA261B62D84700CDA01D /* Headers */,
				34E1BA271B62D84700CDA01D /* Resources */,
			);
			buildRules = (
			);
			dependencies = (
			);
			name = HackWindsDataKit;
			productName = HackWindsDataKit;
			productReference = 34E1BA291B62D84700CDA01D /* HackWindsDataKit.framework */;
			productType = "com.apple.product-type.framework";
		};
		34E1BA321B62D84700CDA01D /* HackWindsDataKitTests */ = {
			isa = PBXNativeTarget;
			buildConfigurationList = 34E1BA4A1B62D84700CDA01D /* Build configuration list for PBXNativeTarget "HackWindsDataKitTests" */;
			buildPhases = (
				34E1BA2F1B62D84700CDA01D /* Sources */,
				34E1BA301B62D84700CDA01D /* Frameworks */,
				34E1BA311B62D84700CDA01D /* Resources */,
			);
			buildRules = (
			);
			dependencies = (
				34E1BA361B62D84700CDA01D /* PBXTargetDependency */,
				34E1BA381B62D84700CDA01D /* PBXTargetDependency */,
			);
			name = HackWindsDataKitTests;
			productName = HackWindsDataKitTests;
			productReference = 34E1BA331B62D84700CDA01D /* HackWindsDataKitTests.xctest */;
			productType = "com.apple.product-type.bundle.unit-test";
		};
/* End PBXNativeTarget section */

/* Begin PBXProject section */
		3430837E19795D0F00655F15 /* Project object */ = {
			isa = PBXProject;
			attributes = {
				LastUpgradeCheck = 0510;
				ORGANIZATIONNAME = "Rhodysurf Development";
				TargetAttributes = {
					3430838519795D0F00655F15 = {
						DevelopmentTeam = 39L46PD99U;
						SystemCapabilities = {
							com.apple.ApplicationGroups.iOS = {
								enabled = 1;
							};
						};
					};
					34C0AF4B1B7307E8001D2B04 = {
						CreatedOnToolsVersion = 6.4;
						DevelopmentTeam = 39L46PD99U;
					};
					34E1BA281B62D84700CDA01D = {
						CreatedOnToolsVersion = 6.4;
						DevelopmentTeam = 39L46PD99U;
					};
					34E1BA321B62D84700CDA01D = {
						CreatedOnToolsVersion = 6.4;
						TestTargetID = 3430838519795D0F00655F15;
					};
				};
			};
			buildConfigurationList = 3430838119795D0F00655F15 /* Build configuration list for PBXProject "HackWinds" */;
			compatibilityVersion = "Xcode 3.2";
			developmentRegion = English;
			hasScannedForEncodings = 0;
			knownRegions = (
				en,
				Base,
			);
			mainGroup = 3430837D19795D0F00655F15;
			productRefGroup = 3430838719795D0F00655F15 /* Products */;
			projectDirPath = "";
			projectReferences = (
				{
					ProductGroup = 349679DA19E63C800043A21B /* Products */;
					ProjectRef = 349679D919E63C800043A21B /* CorePlot-CocoaTouch.xcodeproj */;
				},
			);
			projectRoot = "";
			targets = (
				3430838519795D0F00655F15 /* HackWinds */,
				34E1BA281B62D84700CDA01D /* HackWindsDataKit */,
				34E1BA321B62D84700CDA01D /* HackWindsDataKitTests */,
				34C0AF4B1B7307E8001D2B04 /* HackWindsTodayWidget */,
			);
		};
/* End PBXProject section */

/* Begin PBXReferenceProxy section */
		349679E019E63C810043A21B /* libCorePlot-CocoaTouch.a */ = {
			isa = PBXReferenceProxy;
			fileType = archive.ar;
			path = "libCorePlot-CocoaTouch.a";
			remoteRef = 349679DF19E63C810043A21B /* PBXContainerItemProxy */;
			sourceTree = BUILT_PRODUCTS_DIR;
		};
/* End PBXReferenceProxy section */

/* Begin PBXResourcesBuildPhase section */
		3430838419795D0F00655F15 /* Resources */ = {
			isa = PBXResourcesBuildPhase;
			buildActionMask = 2147483647;
			files = (
				34F933951B39922900AD23DF /* Base.lproj in Resources */,
				34F933921B3991B400AD23DF /* LaunchScreen.xib in Resources */,
				340AFA211A9C320700DAD121 /* UISettings.plist in Resources */,
				343083A819795D0F00655F15 /* Images.xcassets in Resources */,
				34F933981B39926C00AD23DF /* Main_iPhone.storyboard in Resources */,
				34F933931B3991B400AD23DF /* Main_iPad.storyboard in Resources */,
				34CA15431A9D7F4000DAB1F8 /* ForecastLocations.plist in Resources */,
				3430839419795D0F00655F15 /* InfoPlist.strings in Resources */,
			);
			runOnlyForDeploymentPostprocessing = 0;
		};
		34C0AF4A1B7307E8001D2B04 /* Resources */ = {
			isa = PBXResourcesBuildPhase;
			buildActionMask = 2147483647;
			files = (
				34C0AF561B7307E8001D2B04 /* MainInterface.storyboard in Resources */,
			);
			runOnlyForDeploymentPostprocessing = 0;
		};
		34E1BA271B62D84700CDA01D /* Resources */ = {
			isa = PBXResourcesBuildPhase;
			buildActionMask = 2147483647;
			files = (
			);
			runOnlyForDeploymentPostprocessing = 0;
		};
		34E1BA311B62D84700CDA01D /* Resources */ = {
			isa = PBXResourcesBuildPhase;
			buildActionMask = 2147483647;
			files = (
			);
			runOnlyForDeploymentPostprocessing = 0;
		};
/* End PBXResourcesBuildPhase section */

/* Begin PBXSourcesBuildPhase section */
		3430838219795D0F00655F15 /* Sources */ = {
			isa = PBXSourcesBuildPhase;
			buildActionMask = 2147483647;
			files = (
				34C8E7221ACA43EB0038E895 /* DetailedForecastViewController.m in Sources */,
				34CA15341A9D657000DAB1F8 /* SettingsViewController.m in Sources */,
				34433DBF1AF876E300E2C7E6 /* IsoCameraViewController.m in Sources */,
				34AA865E1A41382F00AD09CF /* Reachability.m in Sources */,
				3495C95519E7773100C8F4D7 /* BuoyViewController.m in Sources */,
				343083A619795D0F00655F15 /* ForecastViewController.m in Sources */,
				340B5C9B1B938CB400E7203C /* NavigationBarTitleWithSubtitleView.m in Sources */,
				342A76221985E18100077F8C /* TideViewController.m in Sources */,
				34433DB81AF866AD00E2C7E6 /* AlternateCamerasViewController.m in Sources */,
				3430839A19795D0F00655F15 /* AppDelegate.m in Sources */,
				343083A319795D0F00655F15 /* CurrentViewController.m in Sources */,
				3430839619795D0F00655F15 /* main.m in Sources */,
				34AE272519C679E7000DAB81 /* AsyncImageView.m in Sources */,
			);
			runOnlyForDeploymentPostprocessing = 0;
		};
		34C0AF481B7307E8001D2B04 /* Sources */ = {
			isa = PBXSourcesBuildPhase;
			buildActionMask = 2147483647;
			files = (
				34C0AF541B7307E8001D2B04 /* TodayViewController.m in Sources */,
			);
			runOnlyForDeploymentPostprocessing = 0;
		};
		34E1BA241B62D84700CDA01D /* Sources */ = {
			isa = PBXSourcesBuildPhase;
			buildActionMask = 2147483647;
			files = (
				34E1BA7C1B62DD8600CDA01D /* Tide.m in Sources */,
				34E1BA7A1B62DD8600CDA01D /* ForecastModel.m in Sources */,
				34F4D4AD1B8A28DF0099E113 /* BuoyDataContainer.m in Sources */,
				34E1BA701B62DD8600CDA01D /* BuoyModel.m in Sources */,
				34E1BA751B62DD8600CDA01D /* Condition.m in Sources */,
				34BF8CF91B62E74B00287BC1 /* Camera.m in Sources */,
				34E1BA781B62DD8600CDA01D /* Forecast.m in Sources */,
				34E1BA7E1B62DD8600CDA01D /* TideModel.m in Sources */,
				34E1BA721B62DD8600CDA01D /* CameraModel.m in Sources */,
				34E1BA6F1B62DD8600CDA01D /* Buoy.m in Sources */,
			);
			runOnlyForDeploymentPostprocessing = 0;
		};
		34E1BA2F1B62D84700CDA01D /* Sources */ = {
			isa = PBXSourcesBuildPhase;
			buildActionMask = 2147483647;
			files = (
				34E1BA3D1B62D84700CDA01D /* HackWindsDataKitTests.m in Sources */,
			);
			runOnlyForDeploymentPostprocessing = 0;
		};
/* End PBXSourcesBuildPhase section */

/* Begin PBXTargetDependency section */
		349679E219E63CBD0043A21B /* PBXTargetDependency */ = {
			isa = PBXTargetDependency;
			name = "CorePlot-CocoaTouch";
			targetProxy = 349679E119E63CBD0043A21B /* PBXContainerItemProxy */;
		};
		34C0AF581B7307E8001D2B04 /* PBXTargetDependency */ = {
			isa = PBXTargetDependency;
			target = 34C0AF4B1B7307E8001D2B04 /* HackWindsTodayWidget */;
			targetProxy = 34C0AF571B7307E8001D2B04 /* PBXContainerItemProxy */;
		};
		34E1BA361B62D84700CDA01D /* PBXTargetDependency */ = {
			isa = PBXTargetDependency;
			target = 34E1BA281B62D84700CDA01D /* HackWindsDataKit */;
			targetProxy = 34E1BA351B62D84700CDA01D /* PBXContainerItemProxy */;
		};
		34E1BA381B62D84700CDA01D /* PBXTargetDependency */ = {
			isa = PBXTargetDependency;
			target = 3430838519795D0F00655F15 /* HackWinds */;
			targetProxy = 34E1BA371B62D84700CDA01D /* PBXContainerItemProxy */;
		};
		34E1BA3F1B62D84700CDA01D /* PBXTargetDependency */ = {
			isa = PBXTargetDependency;
			target = 34E1BA281B62D84700CDA01D /* HackWindsDataKit */;
			targetProxy = 34E1BA3E1B62D84700CDA01D /* PBXContainerItemProxy */;
		};
/* End PBXTargetDependency section */

/* Begin PBXVariantGroup section */
		3430839219795D0F00655F15 /* InfoPlist.strings */ = {
			isa = PBXVariantGroup;
			children = (
				3430839319795D0F00655F15 /* en */,
			);
			name = InfoPlist.strings;
			sourceTree = "<group>";
		};
		34F9338C1B3991B400AD23DF /* LaunchScreen.xib */ = {
			isa = PBXVariantGroup;
			children = (
				34F9338D1B3991B400AD23DF /* Base */,
				34F9339C1B39927200AD23DF /* en */,
			);
			name = LaunchScreen.xib;
			sourceTree = "<group>";
		};
		34F9338E1B3991B400AD23DF /* Main_iPad.storyboard */ = {
			isa = PBXVariantGroup;
			children = (
				34F9338F1B3991B400AD23DF /* Base */,
				34F933971B39926500AD23DF /* en */,
			);
			name = Main_iPad.storyboard;
			sourceTree = "<group>";
		};
		34F933901B3991B400AD23DF /* Main_iPhone.storyboard */ = {
			isa = PBXVariantGroup;
			children = (
				34F933911B3991B400AD23DF /* Base */,
				34F9339A1B39926E00AD23DF /* en */,
			);
			name = Main_iPhone.storyboard;
			sourceTree = "<group>";
		};
/* End PBXVariantGroup section */

/* Begin XCBuildConfiguration section */
		343083BC19795D0F00655F15 /* Debug */ = {
			isa = XCBuildConfiguration;
			buildSettings = {
				ALWAYS_SEARCH_USER_PATHS = NO;
				CLANG_CXX_LANGUAGE_STANDARD = "gnu++0x";
				CLANG_CXX_LIBRARY = "libc++";
				CLANG_ENABLE_MODULES = YES;
				CLANG_ENABLE_OBJC_ARC = YES;
				CLANG_WARN_BOOL_CONVERSION = YES;
				CLANG_WARN_CONSTANT_CONVERSION = YES;
				CLANG_WARN_DIRECT_OBJC_ISA_USAGE = YES_ERROR;
				CLANG_WARN_EMPTY_BODY = YES;
				CLANG_WARN_ENUM_CONVERSION = YES;
				CLANG_WARN_INT_CONVERSION = YES;
				CLANG_WARN_OBJC_ROOT_CLASS = YES_ERROR;
				CLANG_WARN__DUPLICATE_METHOD_MATCH = YES;
				"CODE_SIGN_IDENTITY[sdk=iphoneos*]" = "iPhone Developer";
				COPY_PHASE_STRIP = NO;
				GCC_C_LANGUAGE_STANDARD = gnu99;
				GCC_DYNAMIC_NO_PIC = NO;
				GCC_OPTIMIZATION_LEVEL = 0;
				GCC_PREPROCESSOR_DEFINITIONS = (
					"DEBUG=1",
					"$(inherited)",
				);
				GCC_SYMBOLS_PRIVATE_EXTERN = NO;
				GCC_WARN_64_TO_32_BIT_CONVERSION = YES;
				GCC_WARN_ABOUT_RETURN_TYPE = YES_ERROR;
				GCC_WARN_UNDECLARED_SELECTOR = YES;
				GCC_WARN_UNINITIALIZED_AUTOS = YES_AGGRESSIVE;
				GCC_WARN_UNUSED_FUNCTION = YES;
				GCC_WARN_UNUSED_VARIABLE = YES;
				IPHONEOS_DEPLOYMENT_TARGET = 8.0;
				ONLY_ACTIVE_ARCH = YES;
				SDKROOT = iphoneos;
				TARGETED_DEVICE_FAMILY = "1,2";
			};
			name = Debug;
		};
		343083BD19795D0F00655F15 /* Release */ = {
			isa = XCBuildConfiguration;
			buildSettings = {
				ALWAYS_SEARCH_USER_PATHS = NO;
				CLANG_CXX_LANGUAGE_STANDARD = "gnu++0x";
				CLANG_CXX_LIBRARY = "libc++";
				CLANG_ENABLE_MODULES = YES;
				CLANG_ENABLE_OBJC_ARC = YES;
				CLANG_WARN_BOOL_CONVERSION = YES;
				CLANG_WARN_CONSTANT_CONVERSION = YES;
				CLANG_WARN_DIRECT_OBJC_ISA_USAGE = YES_ERROR;
				CLANG_WARN_EMPTY_BODY = YES;
				CLANG_WARN_ENUM_CONVERSION = YES;
				CLANG_WARN_INT_CONVERSION = YES;
				CLANG_WARN_OBJC_ROOT_CLASS = YES_ERROR;
				CLANG_WARN__DUPLICATE_METHOD_MATCH = YES;
				"CODE_SIGN_IDENTITY[sdk=iphoneos*]" = "iPhone Developer";
				COPY_PHASE_STRIP = YES;
				ENABLE_NS_ASSERTIONS = NO;
				GCC_C_LANGUAGE_STANDARD = gnu99;
				GCC_WARN_64_TO_32_BIT_CONVERSION = YES;
				GCC_WARN_ABOUT_RETURN_TYPE = YES_ERROR;
				GCC_WARN_UNDECLARED_SELECTOR = YES;
				GCC_WARN_UNINITIALIZED_AUTOS = YES_AGGRESSIVE;
				GCC_WARN_UNUSED_FUNCTION = YES;
				GCC_WARN_UNUSED_VARIABLE = YES;
				IPHONEOS_DEPLOYMENT_TARGET = 8.0;
				ONLY_ACTIVE_ARCH = NO;
				SDKROOT = iphoneos;
				TARGETED_DEVICE_FAMILY = "1,2";
				VALIDATE_PRODUCT = YES;
			};
			name = Release;
		};
		343083BF19795D0F00655F15 /* Debug */ = {
			isa = XCBuildConfiguration;
			buildSettings = {
				ASSETCATALOG_COMPILER_APPICON_NAME = AppIcon;
				ASSETCATALOG_COMPILER_LAUNCHIMAGE_NAME = LaunchImage;
				CODE_SIGN_ENTITLEMENTS = HackWinds/HackWinds.entitlements;
				CODE_SIGN_IDENTITY = "iPhone Developer";
				"CODE_SIGN_IDENTITY[sdk=iphoneos*]" = "iPhone Developer";
				GCC_PRECOMPILE_PREFIX_HEADER = YES;
				GCC_PREFIX_HEADER = "HackWinds/Application/HackWinds-Prefix.pch";
				HEADER_SEARCH_PATHS = (
					"$(inherited)",
					/Applications/Xcode.app/Contents/Developer/Toolchains/XcodeDefault.xctoolchain/usr/include,
					"$(SRCROOT)/../core-plot/framework/**",
				);
				INFOPLIST_FILE = "HackWinds/Application/HackWinds-Info.plist";
				IPHONEOS_DEPLOYMENT_TARGET = 8.0;
				LD_RUNPATH_SEARCH_PATHS = "$(inherited) @executable_path/Frameworks";
				OTHER_LDFLAGS = "-ObjC";
				PRODUCT_NAME = "$(TARGET_NAME)";
				PROVISIONING_PROFILE = "";
				TARGETED_DEVICE_FAMILY = 1;
				WRAPPER_EXTENSION = app;
			};
			name = Debug;
		};
		343083C019795D0F00655F15 /* Release */ = {
			isa = XCBuildConfiguration;
			buildSettings = {
				ASSETCATALOG_COMPILER_APPICON_NAME = AppIcon;
				ASSETCATALOG_COMPILER_LAUNCHIMAGE_NAME = LaunchImage;
				CODE_SIGN_ENTITLEMENTS = HackWinds/HackWinds.entitlements;
				CODE_SIGN_IDENTITY = "iPhone Developer";
				"CODE_SIGN_IDENTITY[sdk=iphoneos*]" = "iPhone Developer";
				GCC_PRECOMPILE_PREFIX_HEADER = YES;
				GCC_PREFIX_HEADER = "HackWinds/Application/HackWinds-Prefix.pch";
				HEADER_SEARCH_PATHS = (
					"$(inherited)",
					/Applications/Xcode.app/Contents/Developer/Toolchains/XcodeDefault.xctoolchain/usr/include,
					"$(SRCROOT)/../core-plot/framework/**",
				);
				INFOPLIST_FILE = "HackWinds/Application/HackWinds-Info.plist";
				IPHONEOS_DEPLOYMENT_TARGET = 8.0;
				LD_RUNPATH_SEARCH_PATHS = "$(inherited) @executable_path/Frameworks";
				OTHER_LDFLAGS = "-ObjC";
				PRODUCT_NAME = "$(TARGET_NAME)";
				PROVISIONING_PROFILE = "";
				TARGETED_DEVICE_FAMILY = 1;
				WRAPPER_EXTENSION = app;
			};
			name = Release;
		};
		34C0AF5A1B7307E8001D2B04 /* Debug */ = {
			isa = XCBuildConfiguration;
			buildSettings = {
				ASSETCATALOG_COMPILER_APPICON_NAME = AppIcon;
				CLANG_WARN_UNREACHABLE_CODE = YES;
				CODE_SIGN_IDENTITY = "iPhone Developer";
				"CODE_SIGN_IDENTITY[sdk=iphoneos*]" = "iPhone Developer";
				DEBUG_INFORMATION_FORMAT = "dwarf-with-dsym";
				ENABLE_STRICT_OBJC_MSGSEND = YES;
				GCC_NO_COMMON_BLOCKS = YES;
				GCC_PREPROCESSOR_DEFINITIONS = (
					"DEBUG=1",
					"$(inherited)",
				);
				INFOPLIST_FILE = HackWindsTodayWidget/Info.plist;
				IPHONEOS_DEPLOYMENT_TARGET = 8.0;
				LD_RUNPATH_SEARCH_PATHS = "$(inherited) @executable_path/Frameworks @executable_path/../../Frameworks";
				MTL_ENABLE_DEBUG_INFO = YES;
				PRODUCT_NAME = "$(TARGET_NAME)";
				SKIP_INSTALL = YES;
			};
			name = Debug;
		};
		34C0AF5B1B7307E8001D2B04 /* Release */ = {
			isa = XCBuildConfiguration;
			buildSettings = {
				ASSETCATALOG_COMPILER_APPICON_NAME = AppIcon;
				CLANG_WARN_UNREACHABLE_CODE = YES;
				CODE_SIGN_IDENTITY = "iPhone Developer";
				"CODE_SIGN_IDENTITY[sdk=iphoneos*]" = "iPhone Developer";
				COPY_PHASE_STRIP = NO;
				DEBUG_INFORMATION_FORMAT = "dwarf-with-dsym";
				ENABLE_STRICT_OBJC_MSGSEND = YES;
				GCC_NO_COMMON_BLOCKS = YES;
				INFOPLIST_FILE = HackWindsTodayWidget/Info.plist;
				IPHONEOS_DEPLOYMENT_TARGET = 8.0;
				LD_RUNPATH_SEARCH_PATHS = "$(inherited) @executable_path/Frameworks @executable_path/../../Frameworks";
				MTL_ENABLE_DEBUG_INFO = NO;
				PRODUCT_NAME = "$(TARGET_NAME)";
				SKIP_INSTALL = YES;
			};
			name = Release;
		};
		34E1BA431B62D84700CDA01D /* Debug */ = {
			isa = XCBuildConfiguration;
			buildSettings = {
				APPLICATION_EXTENSION_API_ONLY = YES;
				CLANG_WARN_UNREACHABLE_CODE = YES;
				CODE_SIGN_IDENTITY = "iPhone Developer";
				"CODE_SIGN_IDENTITY[sdk=iphoneos*]" = "iPhone Developer";
				CURRENT_PROJECT_VERSION = 1;
				DEBUG_INFORMATION_FORMAT = "dwarf-with-dsym";
				DEFINES_MODULE = YES;
				DYLIB_COMPATIBILITY_VERSION = 1;
				DYLIB_CURRENT_VERSION = 1;
				DYLIB_INSTALL_NAME_BASE = "@rpath";
				ENABLE_STRICT_OBJC_MSGSEND = YES;
				GCC_NO_COMMON_BLOCKS = YES;
				GCC_PREPROCESSOR_DEFINITIONS = (
					"DEBUG=1",
					"$(inherited)",
				);
				INFOPLIST_FILE = HackWindsDataKit/Info.plist;
				INSTALL_PATH = "$(LOCAL_LIBRARY_DIR)/Frameworks";
				IPHONEOS_DEPLOYMENT_TARGET = 8.4;
				LD_RUNPATH_SEARCH_PATHS = "$(inherited) @executable_path/Frameworks @loader_path/Frameworks";
				MTL_ENABLE_DEBUG_INFO = YES;
				PRODUCT_NAME = "$(TARGET_NAME)";
				SKIP_INSTALL = YES;
				VERSIONING_SYSTEM = "apple-generic";
				VERSION_INFO_PREFIX = "";
			};
			name = Debug;
		};
		34E1BA441B62D84700CDA01D /* Release */ = {
			isa = XCBuildConfiguration;
			buildSettings = {
				APPLICATION_EXTENSION_API_ONLY = YES;
				CLANG_WARN_UNREACHABLE_CODE = YES;
				CODE_SIGN_IDENTITY = "iPhone Developer";
				"CODE_SIGN_IDENTITY[sdk=iphoneos*]" = "iPhone Developer";
				COPY_PHASE_STRIP = NO;
				CURRENT_PROJECT_VERSION = 1;
				DEBUG_INFORMATION_FORMAT = "dwarf-with-dsym";
				DEFINES_MODULE = YES;
				DYLIB_COMPATIBILITY_VERSION = 1;
				DYLIB_CURRENT_VERSION = 1;
				DYLIB_INSTALL_NAME_BASE = "@rpath";
				ENABLE_STRICT_OBJC_MSGSEND = YES;
				GCC_NO_COMMON_BLOCKS = YES;
				INFOPLIST_FILE = HackWindsDataKit/Info.plist;
				INSTALL_PATH = "$(LOCAL_LIBRARY_DIR)/Frameworks";
				IPHONEOS_DEPLOYMENT_TARGET = 8.4;
				LD_RUNPATH_SEARCH_PATHS = "$(inherited) @executable_path/Frameworks @loader_path/Frameworks";
				MTL_ENABLE_DEBUG_INFO = NO;
				PRODUCT_NAME = "$(TARGET_NAME)";
				SKIP_INSTALL = YES;
				VERSIONING_SYSTEM = "apple-generic";
				VERSION_INFO_PREFIX = "";
			};
			name = Release;
		};
		34E1BA451B62D84700CDA01D /* Debug */ = {
			isa = XCBuildConfiguration;
			buildSettings = {
				CLANG_WARN_UNREACHABLE_CODE = YES;
				DEBUG_INFORMATION_FORMAT = "dwarf-with-dsym";
				ENABLE_STRICT_OBJC_MSGSEND = YES;
				FRAMEWORK_SEARCH_PATHS = (
					"$(SDKROOT)/Developer/Library/Frameworks",
					"$(inherited)",
				);
				GCC_NO_COMMON_BLOCKS = YES;
				GCC_PREPROCESSOR_DEFINITIONS = (
					"DEBUG=1",
					"$(inherited)",
				);
				INFOPLIST_FILE = HackWindsDataKitTests/Info.plist;
				IPHONEOS_DEPLOYMENT_TARGET = 8.4;
				LD_RUNPATH_SEARCH_PATHS = "$(inherited) @executable_path/Frameworks @loader_path/Frameworks";
				MTL_ENABLE_DEBUG_INFO = YES;
				PRODUCT_NAME = "$(TARGET_NAME)";
				TEST_HOST = "$(BUILT_PRODUCTS_DIR)/HackWinds.app/HackWinds";
			};
			name = Debug;
		};
		34E1BA461B62D84700CDA01D /* Release */ = {
			isa = XCBuildConfiguration;
			buildSettings = {
				CLANG_WARN_UNREACHABLE_CODE = YES;
				COPY_PHASE_STRIP = NO;
				DEBUG_INFORMATION_FORMAT = "dwarf-with-dsym";
				ENABLE_STRICT_OBJC_MSGSEND = YES;
				FRAMEWORK_SEARCH_PATHS = (
					"$(SDKROOT)/Developer/Library/Frameworks",
					"$(inherited)",
				);
				GCC_NO_COMMON_BLOCKS = YES;
				INFOPLIST_FILE = HackWindsDataKitTests/Info.plist;
				IPHONEOS_DEPLOYMENT_TARGET = 8.4;
				LD_RUNPATH_SEARCH_PATHS = "$(inherited) @executable_path/Frameworks @loader_path/Frameworks";
				MTL_ENABLE_DEBUG_INFO = NO;
				PRODUCT_NAME = "$(TARGET_NAME)";
				TEST_HOST = "$(BUILT_PRODUCTS_DIR)/HackWinds.app/HackWinds";
			};
			name = Release;
		};
/* End XCBuildConfiguration section */

/* Begin XCConfigurationList section */
		3430838119795D0F00655F15 /* Build configuration list for PBXProject "HackWinds" */ = {
			isa = XCConfigurationList;
			buildConfigurations = (
				343083BC19795D0F00655F15 /* Debug */,
				343083BD19795D0F00655F15 /* Release */,
			);
			defaultConfigurationIsVisible = 0;
			defaultConfigurationName = Release;
		};
		343083BE19795D0F00655F15 /* Build configuration list for PBXNativeTarget "HackWinds" */ = {
			isa = XCConfigurationList;
			buildConfigurations = (
				343083BF19795D0F00655F15 /* Debug */,
				343083C019795D0F00655F15 /* Release */,
			);
			defaultConfigurationIsVisible = 0;
			defaultConfigurationName = Release;
		};
		34C0AF5E1B7307E8001D2B04 /* Build configuration list for PBXNativeTarget "HackWindsTodayWidget" */ = {
			isa = XCConfigurationList;
			buildConfigurations = (
				34C0AF5A1B7307E8001D2B04 /* Debug */,
				34C0AF5B1B7307E8001D2B04 /* Release */,
			);
			defaultConfigurationIsVisible = 0;
			defaultConfigurationName = Release;
		};
		34E1BA491B62D84700CDA01D /* Build configuration list for PBXNativeTarget "HackWindsDataKit" */ = {
			isa = XCConfigurationList;
			buildConfigurations = (
				34E1BA431B62D84700CDA01D /* Debug */,
				34E1BA441B62D84700CDA01D /* Release */,
			);
			defaultConfigurationIsVisible = 0;
			defaultConfigurationName = Release;
		};
		34E1BA4A1B62D84700CDA01D /* Build configuration list for PBXNativeTarget "HackWindsDataKitTests" */ = {
			isa = XCConfigurationList;
			buildConfigurations = (
				34E1BA451B62D84700CDA01D /* Debug */,
				34E1BA461B62D84700CDA01D /* Release */,
			);
			defaultConfigurationIsVisible = 0;
			defaultConfigurationName = Release;
		};
/* End XCConfigurationList section */
	};
	rootObject = 3430837E19795D0F00655F15 /* Project object */;
}
