// !$*UTF8*$!
{
	archiveVersion = 1;
	classes = {
	};
	objectVersion = 46;
	objects = {

/* Begin PBXBuildFile section */
		342A76221985E18100077F8C /* TideViewController.m in Sources */ = {isa = PBXBuildFile; fileRef = 342A76211985E18100077F8C /* TideViewController.m */; };
		342A76241985E38600077F8C /* MediaPlayer.framework in Frameworks */ = {isa = PBXBuildFile; fileRef = 342A76231985E38600077F8C /* MediaPlayer.framework */; };
		342A762A1985FD2E00077F8C /* Condition.m in Sources */ = {isa = PBXBuildFile; fileRef = 342A76291985FD2E00077F8C /* Condition.m */; };
		3430838A19795D0F00655F15 /* Foundation.framework in Frameworks */ = {isa = PBXBuildFile; fileRef = 3430838919795D0F00655F15 /* Foundation.framework */; };
		3430838C19795D0F00655F15 /* CoreGraphics.framework in Frameworks */ = {isa = PBXBuildFile; fileRef = 3430838B19795D0F00655F15 /* CoreGraphics.framework */; };
		3430838E19795D0F00655F15 /* UIKit.framework in Frameworks */ = {isa = PBXBuildFile; fileRef = 3430838D19795D0F00655F15 /* UIKit.framework */; };
		3430839419795D0F00655F15 /* InfoPlist.strings in Resources */ = {isa = PBXBuildFile; fileRef = 3430839219795D0F00655F15 /* InfoPlist.strings */; };
		3430839619795D0F00655F15 /* main.m in Sources */ = {isa = PBXBuildFile; fileRef = 3430839519795D0F00655F15 /* main.m */; };
		3430839A19795D0F00655F15 /* AppDelegate.m in Sources */ = {isa = PBXBuildFile; fileRef = 3430839919795D0F00655F15 /* AppDelegate.m */; };
		3430839D19795D0F00655F15 /* Main_iPhone.storyboard in Resources */ = {isa = PBXBuildFile; fileRef = 3430839B19795D0F00655F15 /* Main_iPhone.storyboard */; };
		343083A019795D0F00655F15 /* Main_iPad.storyboard in Resources */ = {isa = PBXBuildFile; fileRef = 3430839E19795D0F00655F15 /* Main_iPad.storyboard */; };
		343083A319795D0F00655F15 /* CurrentViewController.m in Sources */ = {isa = PBXBuildFile; fileRef = 343083A219795D0F00655F15 /* CurrentViewController.m */; };
		343083A619795D0F00655F15 /* ForecastViewController.m in Sources */ = {isa = PBXBuildFile; fileRef = 343083A519795D0F00655F15 /* ForecastViewController.m */; };
		343083A819795D0F00655F15 /* Images.xcassets in Resources */ = {isa = PBXBuildFile; fileRef = 343083A719795D0F00655F15 /* Images.xcassets */; };
		343083AF19795D0F00655F15 /* XCTest.framework in Frameworks */ = {isa = PBXBuildFile; fileRef = 343083AE19795D0F00655F15 /* XCTest.framework */; };
		343083B019795D0F00655F15 /* Foundation.framework in Frameworks */ = {isa = PBXBuildFile; fileRef = 3430838919795D0F00655F15 /* Foundation.framework */; };
		343083B119795D0F00655F15 /* UIKit.framework in Frameworks */ = {isa = PBXBuildFile; fileRef = 3430838D19795D0F00655F15 /* UIKit.framework */; };
		343083B919795D0F00655F15 /* InfoPlist.strings in Resources */ = {isa = PBXBuildFile; fileRef = 343083B719795D0F00655F15 /* InfoPlist.strings */; };
		343083BB19795D0F00655F15 /* HackWindsTests.m in Sources */ = {isa = PBXBuildFile; fileRef = 343083BA19795D0F00655F15 /* HackWindsTests.m */; };
		3431F9D219CBE135007FA7CA /* Forecast.m in Sources */ = {isa = PBXBuildFile; fileRef = 3431F9D119CBE135007FA7CA /* Forecast.m */; };
		349679E319E63CEE0043A21B /* libCorePlot-CocoaTouch.a in Frameworks */ = {isa = PBXBuildFile; fileRef = 349679E019E63C810043A21B /* libCorePlot-CocoaTouch.a */; };
		349679E519E63DE20043A21B /* QuartzCore.framework in Frameworks */ = {isa = PBXBuildFile; fileRef = 349679E419E63DE20043A21B /* QuartzCore.framework */; };
		349679E719E63DE90043A21B /* Accelerate.framework in Frameworks */ = {isa = PBXBuildFile; fileRef = 349679E619E63DE90043A21B /* Accelerate.framework */; };
		34AE272519C679E7000DAB81 /* AsyncImageView.m in Sources */ = {isa = PBXBuildFile; fileRef = 34AE272419C679E7000DAB81 /* AsyncImageView.m */; };
		34B10B9A19E4DC08006FB814 /* play_video.png in Resources */ = {isa = PBXBuildFile; fileRef = 34B10B9919E4DC08006FB814 /* play_video.png */; };
		34FD036E198F0B3600BA0FB0 /* play_video@2x.png in Resources */ = {isa = PBXBuildFile; fileRef = 34FD036D198F0B3600BA0FB0 /* play_video@2x.png */; };
/* End PBXBuildFile section */

/* Begin PBXContainerItemProxy section */
		343083B219795D0F00655F15 /* PBXContainerItemProxy */ = {
			isa = PBXContainerItemProxy;
			containerPortal = 3430837E19795D0F00655F15 /* Project object */;
			proxyType = 1;
			remoteGlobalIDString = 3430838519795D0F00655F15;
			remoteInfo = HackWinds;
		};
		349679DF19E63C810043A21B /* PBXContainerItemProxy */ = {
			isa = PBXContainerItemProxy;
			containerPortal = 349679D919E63C800043A21B /* CorePlot-CocoaTouch.xcodeproj */;
			proxyType = 2;
			remoteGlobalIDString = BC9B83470FB8A0A40035D8DA;
			remoteInfo = "CorePlot-CocoaTouch";
		};
		349679E119E63CBD0043A21B /* PBXContainerItemProxy */ = {
			isa = PBXContainerItemProxy;
			containerPortal = 349679D919E63C800043A21B /* CorePlot-CocoaTouch.xcodeproj */;
			proxyType = 1;
			remoteGlobalIDString = BC9B83460FB8A0A40035D8DA;
			remoteInfo = "CorePlot-CocoaTouch";
		};
/* End PBXContainerItemProxy section */

/* Begin PBXFileReference section */
		342A76201985E18100077F8C /* TideViewController.h */ = {isa = PBXFileReference; fileEncoding = 4; lastKnownFileType = sourcecode.c.h; path = TideViewController.h; sourceTree = "<group>"; };
		342A76211985E18100077F8C /* TideViewController.m */ = {isa = PBXFileReference; fileEncoding = 4; lastKnownFileType = sourcecode.c.objc; path = TideViewController.m; sourceTree = "<group>"; };
		342A76231985E38600077F8C /* MediaPlayer.framework */ = {isa = PBXFileReference; lastKnownFileType = wrapper.framework; name = MediaPlayer.framework; path = System/Library/Frameworks/MediaPlayer.framework; sourceTree = SDKROOT; };
		342A76281985FD2E00077F8C /* Condition.h */ = {isa = PBXFileReference; fileEncoding = 4; lastKnownFileType = sourcecode.c.h; path = Condition.h; sourceTree = "<group>"; };
		342A76291985FD2E00077F8C /* Condition.m */ = {isa = PBXFileReference; fileEncoding = 4; lastKnownFileType = sourcecode.c.objc; path = Condition.m; sourceTree = "<group>"; };
		3430838619795D0F00655F15 /* HackWinds.app */ = {isa = PBXFileReference; explicitFileType = wrapper.application; includeInIndex = 0; path = HackWinds.app; sourceTree = BUILT_PRODUCTS_DIR; };
		3430838919795D0F00655F15 /* Foundation.framework */ = {isa = PBXFileReference; lastKnownFileType = wrapper.framework; name = Foundation.framework; path = System/Library/Frameworks/Foundation.framework; sourceTree = SDKROOT; };
		3430838B19795D0F00655F15 /* CoreGraphics.framework */ = {isa = PBXFileReference; lastKnownFileType = wrapper.framework; name = CoreGraphics.framework; path = System/Library/Frameworks/CoreGraphics.framework; sourceTree = SDKROOT; };
		3430838D19795D0F00655F15 /* UIKit.framework */ = {isa = PBXFileReference; lastKnownFileType = wrapper.framework; name = UIKit.framework; path = System/Library/Frameworks/UIKit.framework; sourceTree = SDKROOT; };
		3430839119795D0F00655F15 /* HackWinds-Info.plist */ = {isa = PBXFileReference; lastKnownFileType = text.plist.xml; path = "HackWinds-Info.plist"; sourceTree = "<group>"; };
		3430839319795D0F00655F15 /* en */ = {isa = PBXFileReference; lastKnownFileType = text.plist.strings; name = en; path = en.lproj/InfoPlist.strings; sourceTree = "<group>"; };
		3430839519795D0F00655F15 /* main.m */ = {isa = PBXFileReference; lastKnownFileType = sourcecode.c.objc; path = main.m; sourceTree = "<group>"; };
		3430839719795D0F00655F15 /* HackWinds-Prefix.pch */ = {isa = PBXFileReference; lastKnownFileType = sourcecode.c.h; path = "HackWinds-Prefix.pch"; sourceTree = "<group>"; };
		3430839819795D0F00655F15 /* AppDelegate.h */ = {isa = PBXFileReference; lastKnownFileType = sourcecode.c.h; path = AppDelegate.h; sourceTree = "<group>"; };
		3430839919795D0F00655F15 /* AppDelegate.m */ = {isa = PBXFileReference; lastKnownFileType = sourcecode.c.objc; path = AppDelegate.m; sourceTree = "<group>"; };
		3430839C19795D0F00655F15 /* Base */ = {isa = PBXFileReference; lastKnownFileType = file.storyboard; name = Base; path = Base.lproj/Main_iPhone.storyboard; sourceTree = "<group>"; };
		3430839F19795D0F00655F15 /* Base */ = {isa = PBXFileReference; lastKnownFileType = file.storyboard; name = Base; path = Base.lproj/Main_iPad.storyboard; sourceTree = "<group>"; };
		343083A119795D0F00655F15 /* CurrentViewController.h */ = {isa = PBXFileReference; lastKnownFileType = sourcecode.c.h; path = CurrentViewController.h; sourceTree = "<group>"; };
		343083A219795D0F00655F15 /* CurrentViewController.m */ = {isa = PBXFileReference; lastKnownFileType = sourcecode.c.objc; path = CurrentViewController.m; sourceTree = "<group>"; };
		343083A419795D0F00655F15 /* ForecastViewController.h */ = {isa = PBXFileReference; lastKnownFileType = sourcecode.c.h; path = ForecastViewController.h; sourceTree = "<group>"; };
		343083A519795D0F00655F15 /* ForecastViewController.m */ = {isa = PBXFileReference; lastKnownFileType = sourcecode.c.objc; path = ForecastViewController.m; sourceTree = "<group>"; };
		343083A719795D0F00655F15 /* Images.xcassets */ = {isa = PBXFileReference; lastKnownFileType = folder.assetcatalog; path = Images.xcassets; sourceTree = "<group>"; };
		343083AD19795D0F00655F15 /* HackWindsTests.xctest */ = {isa = PBXFileReference; explicitFileType = wrapper.cfbundle; includeInIndex = 0; path = HackWindsTests.xctest; sourceTree = BUILT_PRODUCTS_DIR; };
		343083AE19795D0F00655F15 /* XCTest.framework */ = {isa = PBXFileReference; lastKnownFileType = wrapper.framework; name = XCTest.framework; path = Library/Frameworks/XCTest.framework; sourceTree = DEVELOPER_DIR; };
		343083B619795D0F00655F15 /* HackWindsTests-Info.plist */ = {isa = PBXFileReference; lastKnownFileType = text.plist.xml; path = "HackWindsTests-Info.plist"; sourceTree = "<group>"; };
		343083B819795D0F00655F15 /* en */ = {isa = PBXFileReference; lastKnownFileType = text.plist.strings; name = en; path = en.lproj/InfoPlist.strings; sourceTree = "<group>"; };
		343083BA19795D0F00655F15 /* HackWindsTests.m */ = {isa = PBXFileReference; lastKnownFileType = sourcecode.c.objc; path = HackWindsTests.m; sourceTree = "<group>"; };
		3431F9D019CBE135007FA7CA /* Forecast.h */ = {isa = PBXFileReference; fileEncoding = 4; lastKnownFileType = sourcecode.c.h; path = Forecast.h; sourceTree = "<group>"; };
		3431F9D119CBE135007FA7CA /* Forecast.m */ = {isa = PBXFileReference; fileEncoding = 4; lastKnownFileType = sourcecode.c.objc; path = Forecast.m; sourceTree = "<group>"; };
		349679D919E63C800043A21B /* CorePlot-CocoaTouch.xcodeproj */ = {isa = PBXFileReference; lastKnownFileType = "wrapper.pb-project"; name = "CorePlot-CocoaTouch.xcodeproj"; path = "../core-plot/framework/CorePlot-CocoaTouch.xcodeproj"; sourceTree = "<group>"; };
		349679E419E63DE20043A21B /* QuartzCore.framework */ = {isa = PBXFileReference; lastKnownFileType = wrapper.framework; name = QuartzCore.framework; path = System/Library/Frameworks/QuartzCore.framework; sourceTree = SDKROOT; };
		349679E619E63DE90043A21B /* Accelerate.framework */ = {isa = PBXFileReference; lastKnownFileType = wrapper.framework; name = Accelerate.framework; path = System/Library/Frameworks/Accelerate.framework; sourceTree = SDKROOT; };
		34AE272319C679E7000DAB81 /* AsyncImageView.h */ = {isa = PBXFileReference; fileEncoding = 4; lastKnownFileType = sourcecode.c.h; path = AsyncImageView.h; sourceTree = "<group>"; };
		34AE272419C679E7000DAB81 /* AsyncImageView.m */ = {isa = PBXFileReference; fileEncoding = 4; lastKnownFileType = sourcecode.c.objc; path = AsyncImageView.m; sourceTree = "<group>"; };
		34B10B9919E4DC08006FB814 /* play_video.png */ = {isa = PBXFileReference; lastKnownFileType = image.png; path = play_video.png; sourceTree = "<group>"; };
		34FD036D198F0B3600BA0FB0 /* play_video@2x.png */ = {isa = PBXFileReference; lastKnownFileType = image.png; path = "play_video@2x.png"; sourceTree = "<group>"; };
/* End PBXFileReference section */

/* Begin PBXFrameworksBuildPhase section */
		3430838319795D0F00655F15 /* Frameworks */ = {
			isa = PBXFrameworksBuildPhase;
			buildActionMask = 2147483647;
			files = (
				349679E719E63DE90043A21B /* Accelerate.framework in Frameworks */,
				349679E519E63DE20043A21B /* QuartzCore.framework in Frameworks */,
				342A76241985E38600077F8C /* MediaPlayer.framework in Frameworks */,
				3430838C19795D0F00655F15 /* CoreGraphics.framework in Frameworks */,
				3430838E19795D0F00655F15 /* UIKit.framework in Frameworks */,
				3430838A19795D0F00655F15 /* Foundation.framework in Frameworks */,
				349679E319E63CEE0043A21B /* libCorePlot-CocoaTouch.a in Frameworks */,
			);
			runOnlyForDeploymentPostprocessing = 0;
		};
		343083AA19795D0F00655F15 /* Frameworks */ = {
			isa = PBXFrameworksBuildPhase;
			buildActionMask = 2147483647;
			files = (
				343083AF19795D0F00655F15 /* XCTest.framework in Frameworks */,
				343083B119795D0F00655F15 /* UIKit.framework in Frameworks */,
				343083B019795D0F00655F15 /* Foundation.framework in Frameworks */,
			);
			runOnlyForDeploymentPostprocessing = 0;
		};
/* End PBXFrameworksBuildPhase section */

/* Begin PBXGroup section */
		3430837D19795D0F00655F15 = {
			isa = PBXGroup;
			children = (
				3430838F19795D0F00655F15 /* HackWinds */,
				343083B419795D0F00655F15 /* HackWindsTests */,
				3430838819795D0F00655F15 /* Frameworks */,
				3430838719795D0F00655F15 /* Products */,
				349679D919E63C800043A21B /* CorePlot-CocoaTouch.xcodeproj */,
			);
			sourceTree = "<group>";
		};
		3430838719795D0F00655F15 /* Products */ = {
			isa = PBXGroup;
			children = (
				3430838619795D0F00655F15 /* HackWinds.app */,
				343083AD19795D0F00655F15 /* HackWindsTests.xctest */,
			);
			name = Products;
			sourceTree = "<group>";
		};
		3430838819795D0F00655F15 /* Frameworks */ = {
			isa = PBXGroup;
			children = (
				349679E619E63DE90043A21B /* Accelerate.framework */,
				349679E419E63DE20043A21B /* QuartzCore.framework */,
				342A76231985E38600077F8C /* MediaPlayer.framework */,
				3430838919795D0F00655F15 /* Foundation.framework */,
				3430838B19795D0F00655F15 /* CoreGraphics.framework */,
				3430838D19795D0F00655F15 /* UIKit.framework */,
				343083AE19795D0F00655F15 /* XCTest.framework */,
			);
			name = Frameworks;
			sourceTree = "<group>";
		};
		3430838F19795D0F00655F15 /* HackWinds */ = {
			isa = PBXGroup;
			children = (
				34FD036A198F0A4F00BA0FB0 /* Resources */,
				3430839819795D0F00655F15 /* AppDelegate.h */,
				342A76201985E18100077F8C /* TideViewController.h */,
				34AE272319C679E7000DAB81 /* AsyncImageView.h */,
				342A76281985FD2E00077F8C /* Condition.h */,
				34AE272419C679E7000DAB81 /* AsyncImageView.m */,
				342A76291985FD2E00077F8C /* Condition.m */,
				342A76211985E18100077F8C /* TideViewController.m */,
				3430839919795D0F00655F15 /* AppDelegate.m */,
				343083A119795D0F00655F15 /* CurrentViewController.h */,
				3430839B19795D0F00655F15 /* Main_iPhone.storyboard */,
				3430839E19795D0F00655F15 /* Main_iPad.storyboard */,
				343083A219795D0F00655F15 /* CurrentViewController.m */,
				343083A419795D0F00655F15 /* ForecastViewController.h */,
				343083A519795D0F00655F15 /* ForecastViewController.m */,
				343083A719795D0F00655F15 /* Images.xcassets */,
				3430839019795D0F00655F15 /* Supporting Files */,
				3431F9D019CBE135007FA7CA /* Forecast.h */,
				3431F9D119CBE135007FA7CA /* Forecast.m */,
			);
			path = HackWinds;
			sourceTree = "<group>";
		};
		3430839019795D0F00655F15 /* Supporting Files */ = {
			isa = PBXGroup;
			children = (
				3430839119795D0F00655F15 /* HackWinds-Info.plist */,
				3430839219795D0F00655F15 /* InfoPlist.strings */,
				3430839519795D0F00655F15 /* main.m */,
				3430839719795D0F00655F15 /* HackWinds-Prefix.pch */,
			);
			name = "Supporting Files";
			sourceTree = "<group>";
		};
		343083B419795D0F00655F15 /* HackWindsTests */ = {
			isa = PBXGroup;
			children = (
				343083BA19795D0F00655F15 /* HackWindsTests.m */,
				343083B519795D0F00655F15 /* Supporting Files */,
			);
			path = HackWindsTests;
			sourceTree = "<group>";
		};
		343083B519795D0F00655F15 /* Supporting Files */ = {
			isa = PBXGroup;
			children = (
				343083B619795D0F00655F15 /* HackWindsTests-Info.plist */,
				343083B719795D0F00655F15 /* InfoPlist.strings */,
			);
			name = "Supporting Files";
			sourceTree = "<group>";
		};
		349679DA19E63C800043A21B /* Products */ = {
			isa = PBXGroup;
			children = (
				349679E019E63C810043A21B /* libCorePlot-CocoaTouch.a */,
			);
			name = Products;
			sourceTree = "<group>";
		};
		34FD036A198F0A4F00BA0FB0 /* Resources */ = {
			isa = PBXGroup;
			children = (
				34B10B9919E4DC08006FB814 /* play_video.png */,
				34FD036D198F0B3600BA0FB0 /* play_video@2x.png */,
			);
			name = Resources;
			sourceTree = "<group>";
		};
/* End PBXGroup section */

/* Begin PBXNativeTarget section */
		3430838519795D0F00655F15 /* HackWinds */ = {
			isa = PBXNativeTarget;
			buildConfigurationList = 343083BE19795D0F00655F15 /* Build configuration list for PBXNativeTarget "HackWinds" */;
			buildPhases = (
				3430838219795D0F00655F15 /* Sources */,
				3430838319795D0F00655F15 /* Frameworks */,
				3430838419795D0F00655F15 /* Resources */,
			);
			buildRules = (
			);
			dependencies = (
				349679E219E63CBD0043A21B /* PBXTargetDependency */,
			);
			name = HackWinds;
			productName = HackWinds;
			productReference = 3430838619795D0F00655F15 /* HackWinds.app */;
			productType = "com.apple.product-type.application";
		};
		343083AC19795D0F00655F15 /* HackWindsTests */ = {
			isa = PBXNativeTarget;
			buildConfigurationList = 343083C119795D0F00655F15 /* Build configuration list for PBXNativeTarget "HackWindsTests" */;
			buildPhases = (
				343083A919795D0F00655F15 /* Sources */,
				343083AA19795D0F00655F15 /* Frameworks */,
				343083AB19795D0F00655F15 /* Resources */,
			);
			buildRules = (
			);
			dependencies = (
				343083B319795D0F00655F15 /* PBXTargetDependency */,
			);
			name = HackWindsTests;
			productName = HackWindsTests;
			productReference = 343083AD19795D0F00655F15 /* HackWindsTests.xctest */;
			productType = "com.apple.product-type.bundle.unit-test";
		};
/* End PBXNativeTarget section */

/* Begin PBXProject section */
		3430837E19795D0F00655F15 /* Project object */ = {
			isa = PBXProject;
			attributes = {
				LastUpgradeCheck = 0510;
				ORGANIZATIONNAME = "Rhodysurf Development";
				TargetAttributes = {
					3430838519795D0F00655F15 = {
						DevelopmentTeam = 39L46PD99U;
					};
					343083AC19795D0F00655F15 = {
						TestTargetID = 3430838519795D0F00655F15;
					};
				};
			};
			buildConfigurationList = 3430838119795D0F00655F15 /* Build configuration list for PBXProject "HackWinds" */;
			compatibilityVersion = "Xcode 3.2";
			developmentRegion = English;
			hasScannedForEncodings = 0;
			knownRegions = (
				en,
				Base,
			);
			mainGroup = 3430837D19795D0F00655F15;
			productRefGroup = 3430838719795D0F00655F15 /* Products */;
			projectDirPath = "";
			projectReferences = (
				{
					ProductGroup = 349679DA19E63C800043A21B /* Products */;
					ProjectRef = 349679D919E63C800043A21B /* CorePlot-CocoaTouch.xcodeproj */;
				},
			);
			projectRoot = "";
			targets = (
				3430838519795D0F00655F15 /* HackWinds */,
				343083AC19795D0F00655F15 /* HackWindsTests */,
			);
		};
/* End PBXProject section */

/* Begin PBXReferenceProxy section */
		349679E019E63C810043A21B /* libCorePlot-CocoaTouch.a */ = {
			isa = PBXReferenceProxy;
			fileType = archive.ar;
			path = "libCorePlot-CocoaTouch.a";
			remoteRef = 349679DF19E63C810043A21B /* PBXContainerItemProxy */;
			sourceTree = BUILT_PRODUCTS_DIR;
		};
/* End PBXReferenceProxy section */

/* Begin PBXResourcesBuildPhase section */
		3430838419795D0F00655F15 /* Resources */ = {
			isa = PBXResourcesBuildPhase;
			buildActionMask = 2147483647;
			files = (
				343083A019795D0F00655F15 /* Main_iPad.storyboard in Resources */,
				343083A819795D0F00655F15 /* Images.xcassets in Resources */,
				34FD036E198F0B3600BA0FB0 /* play_video@2x.png in Resources */,
				3430839D19795D0F00655F15 /* Main_iPhone.storyboard in Resources */,
				3430839419795D0F00655F15 /* InfoPlist.strings in Resources */,
				34B10B9A19E4DC08006FB814 /* play_video.png in Resources */,
			);
			runOnlyForDeploymentPostprocessing = 0;
		};
		343083AB19795D0F00655F15 /* Resources */ = {
			isa = PBXResourcesBuildPhase;
			buildActionMask = 2147483647;
			files = (
				343083B919795D0F00655F15 /* InfoPlist.strings in Resources */,
			);
			runOnlyForDeploymentPostprocessing = 0;
		};
/* End PBXResourcesBuildPhase section */

/* Begin PBXSourcesBuildPhase section */
		3430838219795D0F00655F15 /* Sources */ = {
			isa = PBXSourcesBuildPhase;
			buildActionMask = 2147483647;
			files = (
				343083A619795D0F00655F15 /* ForecastViewController.m in Sources */,
				342A762A1985FD2E00077F8C /* Condition.m in Sources */,
				342A76221985E18100077F8C /* TideViewController.m in Sources */,
				3430839A19795D0F00655F15 /* AppDelegate.m in Sources */,
				3431F9D219CBE135007FA7CA /* Forecast.m in Sources */,
				343083A319795D0F00655F15 /* CurrentViewController.m in Sources */,
				3430839619795D0F00655F15 /* main.m in Sources */,
				34AE272519C679E7000DAB81 /* AsyncImageView.m in Sources */,
			);
			runOnlyForDeploymentPostprocessing = 0;
		};
		343083A919795D0F00655F15 /* Sources */ = {
			isa = PBXSourcesBuildPhase;
			buildActionMask = 2147483647;
			files = (
				343083BB19795D0F00655F15 /* HackWindsTests.m in Sources */,
			);
			runOnlyForDeploymentPostprocessing = 0;
		};
/* End PBXSourcesBuildPhase section */

/* Begin PBXTargetDependency section */
		343083B319795D0F00655F15 /* PBXTargetDependency */ = {
			isa = PBXTargetDependency;
			target = 3430838519795D0F00655F15 /* HackWinds */;
			targetProxy = 343083B219795D0F00655F15 /* PBXContainerItemProxy */;
		};
		349679E219E63CBD0043A21B /* PBXTargetDependency */ = {
			isa = PBXTargetDependency;
			name = "CorePlot-CocoaTouch";
			targetProxy = 349679E119E63CBD0043A21B /* PBXContainerItemProxy */;
		};
/* End PBXTargetDependency section */

/* Begin PBXVariantGroup section */
		3430839219795D0F00655F15 /* InfoPlist.strings */ = {
			isa = PBXVariantGroup;
			children = (
				3430839319795D0F00655F15 /* en */,
			);
			name = InfoPlist.strings;
			sourceTree = "<group>";
		};
		3430839B19795D0F00655F15 /* Main_iPhone.storyboard */ = {
			isa = PBXVariantGroup;
			children = (
				3430839C19795D0F00655F15 /* Base */,
			);
			name = Main_iPhone.storyboard;
			sourceTree = "<group>";
		};
		3430839E19795D0F00655F15 /* Main_iPad.storyboard */ = {
			isa = PBXVariantGroup;
			children = (
				3430839F19795D0F00655F15 /* Base */,
			);
			name = Main_iPad.storyboard;
			sourceTree = "<group>";
		};
		343083B719795D0F00655F15 /* InfoPlist.strings */ = {
			isa = PBXVariantGroup;
			children = (
				343083B819795D0F00655F15 /* en */,
			);
			name = InfoPlist.strings;
			sourceTree = "<group>";
		};
/* End PBXVariantGroup section */

/* Begin XCBuildConfiguration section */
		343083BC19795D0F00655F15 /* Debug */ = {
			isa = XCBuildConfiguration;
			buildSettings = {
				ALWAYS_SEARCH_USER_PATHS = NO;
				CLANG_CXX_LANGUAGE_STANDARD = "gnu++0x";
				CLANG_CXX_LIBRARY = "libc++";
				CLANG_ENABLE_MODULES = YES;
				CLANG_ENABLE_OBJC_ARC = YES;
				CLANG_WARN_BOOL_CONVERSION = YES;
				CLANG_WARN_CONSTANT_CONVERSION = YES;
				CLANG_WARN_DIRECT_OBJC_ISA_USAGE = YES_ERROR;
				CLANG_WARN_EMPTY_BODY = YES;
				CLANG_WARN_ENUM_CONVERSION = YES;
				CLANG_WARN_INT_CONVERSION = YES;
				CLANG_WARN_OBJC_ROOT_CLASS = YES_ERROR;
				CLANG_WARN__DUPLICATE_METHOD_MATCH = YES;
				"CODE_SIGN_IDENTITY[sdk=iphoneos*]" = "iPhone Developer";
				COPY_PHASE_STRIP = NO;
				GCC_C_LANGUAGE_STANDARD = gnu99;
				GCC_DYNAMIC_NO_PIC = NO;
				GCC_OPTIMIZATION_LEVEL = 0;
				GCC_PREPROCESSOR_DEFINITIONS = (
					"DEBUG=1",
					"$(inherited)",
				);
				GCC_SYMBOLS_PRIVATE_EXTERN = NO;
				GCC_WARN_64_TO_32_BIT_CONVERSION = YES;
				GCC_WARN_ABOUT_RETURN_TYPE = YES_ERROR;
				GCC_WARN_UNDECLARED_SELECTOR = YES;
				GCC_WARN_UNINITIALIZED_AUTOS = YES_AGGRESSIVE;
				GCC_WARN_UNUSED_FUNCTION = YES;
				GCC_WARN_UNUSED_VARIABLE = YES;
				IPHONEOS_DEPLOYMENT_TARGET = 7.1;
				ONLY_ACTIVE_ARCH = YES;
				SDKROOT = iphoneos;
				TARGETED_DEVICE_FAMILY = "1,2";
			};
			name = Debug;
		};
		343083BD19795D0F00655F15 /* Release */ = {
			isa = XCBuildConfiguration;
			buildSettings = {
				ALWAYS_SEARCH_USER_PATHS = NO;
				CLANG_CXX_LANGUAGE_STANDARD = "gnu++0x";
				CLANG_CXX_LIBRARY = "libc++";
				CLANG_ENABLE_MODULES = YES;
				CLANG_ENABLE_OBJC_ARC = YES;
				CLANG_WARN_BOOL_CONVERSION = YES;
				CLANG_WARN_CONSTANT_CONVERSION = YES;
				CLANG_WARN_DIRECT_OBJC_ISA_USAGE = YES_ERROR;
				CLANG_WARN_EMPTY_BODY = YES;
				CLANG_WARN_ENUM_CONVERSION = YES;
				CLANG_WARN_INT_CONVERSION = YES;
				CLANG_WARN_OBJC_ROOT_CLASS = YES_ERROR;
				CLANG_WARN__DUPLICATE_METHOD_MATCH = YES;
				"CODE_SIGN_IDENTITY[sdk=iphoneos*]" = "iPhone Developer";
				COPY_PHASE_STRIP = YES;
				ENABLE_NS_ASSERTIONS = NO;
				GCC_C_LANGUAGE_STANDARD = gnu99;
				GCC_WARN_64_TO_32_BIT_CONVERSION = YES;
				GCC_WARN_ABOUT_RETURN_TYPE = YES_ERROR;
				GCC_WARN_UNDECLARED_SELECTOR = YES;
				GCC_WARN_UNINITIALIZED_AUTOS = YES_AGGRESSIVE;
				GCC_WARN_UNUSED_FUNCTION = YES;
				GCC_WARN_UNUSED_VARIABLE = YES;
				IPHONEOS_DEPLOYMENT_TARGET = 7.1;
				SDKROOT = iphoneos;
				TARGETED_DEVICE_FAMILY = "1,2";
				VALIDATE_PRODUCT = YES;
			};
			name = Release;
		};
		343083BF19795D0F00655F15 /* Debug */ = {
			isa = XCBuildConfiguration;
			buildSettings = {
				ASSETCATALOG_COMPILER_APPICON_NAME = AppIcon;
				ASSETCATALOG_COMPILER_LAUNCHIMAGE_NAME = LaunchImage;
				CODE_SIGN_IDENTITY = "iPhone Developer";
				"CODE_SIGN_IDENTITY[sdk=iphoneos*]" = "iPhone Developer";
				GCC_PRECOMPILE_PREFIX_HEADER = YES;
				GCC_PREFIX_HEADER = "HackWinds/HackWinds-Prefix.pch";
				HEADER_SEARCH_PATHS = (
					"$(inherited)",
					/Applications/Xcode.app/Contents/Developer/Toolchains/XcodeDefault.xctoolchain/usr/include,
					"$(SRCROOT)/../core-plot/framework/**",
				);
				INFOPLIST_FILE = "HackWinds/HackWinds-Info.plist";
				OTHER_LDFLAGS = "-ObjC";
				PRODUCT_NAME = "$(TARGET_NAME)";
				PROVISIONING_PROFILE = "";
				WRAPPER_EXTENSION = app;
			};
			name = Debug;
		};
		343083C019795D0F00655F15 /* Release */ = {
			isa = XCBuildConfiguration;
			buildSettings = {
				ASSETCATALOG_COMPILER_APPICON_NAME = AppIcon;
				ASSETCATALOG_COMPILER_LAUNCHIMAGE_NAME = LaunchImage;
				CODE_SIGN_IDENTITY = "iPhone Developer";
				"CODE_SIGN_IDENTITY[sdk=iphoneos*]" = "iPhone Developer";
				GCC_PRECOMPILE_PREFIX_HEADER = YES;
				GCC_PREFIX_HEADER = "HackWinds/HackWinds-Prefix.pch";
				HEADER_SEARCH_PATHS = (
					"$(inherited)",
					/Applications/Xcode.app/Contents/Developer/Toolchains/XcodeDefault.xctoolchain/usr/include,
					"$(SRCROOT)/../core-plot/framework/**",
				);
				INFOPLIST_FILE = "HackWinds/HackWinds-Info.plist";
				OTHER_LDFLAGS = "-ObjC";
				PRODUCT_NAME = "$(TARGET_NAME)";
				PROVISIONING_PROFILE = "";
				WRAPPER_EXTENSION = app;
			};
			name = Release;
		};
		343083C219795D0F00655F15 /* Debug */ = {
			isa = XCBuildConfiguration;
			buildSettings = {
				BUNDLE_LOADER = "$(BUILT_PRODUCTS_DIR)/HackWinds.app/HackWinds";
				FRAMEWORK_SEARCH_PATHS = (
					"$(SDKROOT)/Developer/Library/Frameworks",
					"$(inherited)",
					"$(DEVELOPER_FRAMEWORKS_DIR)",
				);
				GCC_PRECOMPILE_PREFIX_HEADER = YES;
				GCC_PREFIX_HEADER = "HackWinds/HackWinds-Prefix.pch";
				GCC_PREPROCESSOR_DEFINITIONS = (
					"DEBUG=1",
					"$(inherited)",
				);
				INFOPLIST_FILE = "HackWindsTests/HackWindsTests-Info.plist";
				PRODUCT_NAME = "$(TARGET_NAME)";
				TEST_HOST = "$(BUNDLE_LOADER)";
				WRAPPER_EXTENSION = xctest;
			};
			name = Debug;
		};
		343083C319795D0F00655F15 /* Release */ = {
			isa = XCBuildConfiguration;
			buildSettings = {
				BUNDLE_LOADER = "$(BUILT_PRODUCTS_DIR)/HackWinds.app/HackWinds";
				FRAMEWORK_SEARCH_PATHS = (
					"$(SDKROOT)/Developer/Library/Frameworks",
					"$(inherited)",
					"$(DEVELOPER_FRAMEWORKS_DIR)",
				);
				GCC_PRECOMPILE_PREFIX_HEADER = YES;
				GCC_PREFIX_HEADER = "HackWinds/HackWinds-Prefix.pch";
				INFOPLIST_FILE = "HackWindsTests/HackWindsTests-Info.plist";
				PRODUCT_NAME = "$(TARGET_NAME)";
				TEST_HOST = "$(BUNDLE_LOADER)";
				WRAPPER_EXTENSION = xctest;
			};
			name = Release;
		};
/* End XCBuildConfiguration section */

/* Begin XCConfigurationList section */
		3430838119795D0F00655F15 /* Build configuration list for PBXProject "HackWinds" */ = {
			isa = XCConfigurationList;
			buildConfigurations = (
				343083BC19795D0F00655F15 /* Debug */,
				343083BD19795D0F00655F15 /* Release */,
			);
			defaultConfigurationIsVisible = 0;
			defaultConfigurationName = Release;
		};
		343083BE19795D0F00655F15 /* Build configuration list for PBXNativeTarget "HackWinds" */ = {
			isa = XCConfigurationList;
			buildConfigurations = (
				343083BF19795D0F00655F15 /* Debug */,
				343083C019795D0F00655F15 /* Release */,
			);
			defaultConfigurationIsVisible = 0;
			defaultConfigurationName = Release;
		};
		343083C119795D0F00655F15 /* Build configuration list for PBXNativeTarget "HackWindsTests" */ = {
			isa = XCConfigurationList;
			buildConfigurations = (
				343083C219795D0F00655F15 /* Debug */,
				343083C319795D0F00655F15 /* Release */,
			);
			defaultConfigurationIsVisible = 0;
			defaultConfigurationName = Release;
		};
/* End XCConfigurationList section */
	};
	rootObject = 3430837E19795D0F00655F15 /* Project object */;
}
